// !$*UTF8*$!
{
	archiveVersion = 1;
	classes = {
	};
	objectVersion = 48;
	objects = {

/* Begin PBXBuildFile section */
		490ECA482297A50A008442E4 /* FspEmojiTextAttachment.m in Sources */ = {isa = PBXBuildFile; fileRef = 490ECA472297A50A008442E4 /* FspEmojiTextAttachment.m */; };
		490ECA4B2297A513008442E4 /* NSMutableAttributedString+FspImageAttributeStr.m in Sources */ = {isa = PBXBuildFile; fileRef = 490ECA492297A513008442E4 /* NSMutableAttributedString+FspImageAttributeStr.m */; };
		4931FC8E229E5D7900AA162C /* FspAttendeeCell.swift in Sources */ = {isa = PBXBuildFile; fileRef = 4931FC8C229E5D7900AA162C /* FspAttendeeCell.swift */; };
		4931FC8F229E5D7900AA162C /* FspAttendeeCell.xib in Resources */ = {isa = PBXBuildFile; fileRef = 4931FC8D229E5D7900AA162C /* FspAttendeeCell.xib */; };
		4931FC92229E7A6300AA162C /* FspAttendeeModel.swift in Sources */ = {isa = PBXBuildFile; fileRef = 4931FC91229E7A6300AA162C /* FspAttendeeModel.swift */; };
		4931FC95229F71A200AA162C /* FspMsgChooseSendCell.swift in Sources */ = {isa = PBXBuildFile; fileRef = 4931FC93229F71A200AA162C /* FspMsgChooseSendCell.swift */; };
		4931FC96229F71A200AA162C /* FspMsgChooseSendCell.xib in Resources */ = {isa = PBXBuildFile; fileRef = 4931FC94229F71A200AA162C /* FspMsgChooseSendCell.xib */; };
		4931FC98229F833400AA162C /* FspAllChooseModel.swift in Sources */ = {isa = PBXBuildFile; fileRef = 4931FC97229F833400AA162C /* FspAllChooseModel.swift */; };
		4931FC9A229F834500AA162C /* FspChooseModel.swift in Sources */ = {isa = PBXBuildFile; fileRef = 4931FC99229F834500AA162C /* FspChooseModel.swift */; };
		4931FC9C229F843C00AA162C /* FspMsgSendModel.swift in Sources */ = {isa = PBXBuildFile; fileRef = 4931FC9B229F843C00AA162C /* FspMsgSendModel.swift */; };
		49468BCE22CCC7F0004C7454 /* libc++.tbd in Frameworks */ = {isa = PBXBuildFile; fileRef = 49468BCD22CCC7EF004C7454 /* libc++.tbd */; };
		4953BA4022F91E810013AE85 /* FspMeetingViewController.swift in Sources */ = {isa = PBXBuildFile; fileRef = 4953BA3322F91E800013AE85 /* FspMeetingViewController.swift */; };
		4953BA4122F91E810013AE85 /* FspMeetingViewController.xib in Resources */ = {isa = PBXBuildFile; fileRef = 4953BA3522F91E810013AE85 /* FspMeetingViewController.xib */; };
		4953BA4222F91E810013AE85 /* FspAttendeeUsrInfo.swift in Sources */ = {isa = PBXBuildFile; fileRef = 4953BA3622F91E810013AE85 /* FspAttendeeUsrInfo.swift */; };
		4953BA4322F91E810013AE85 /* FspCollectionViewCell.xib in Resources */ = {isa = PBXBuildFile; fileRef = 4953BA3722F91E810013AE85 /* FspCollectionViewCell.xib */; };
		4953BA4422F91E810013AE85 /* FspSystemMsgVC.swift in Sources */ = {isa = PBXBuildFile; fileRef = 4953BA3822F91E810013AE85 /* FspSystemMsgVC.swift */; };
		4953BA4522F91E810013AE85 /* FspSysTemTableViewCell.swift in Sources */ = {isa = PBXBuildFile; fileRef = 4953BA3922F91E810013AE85 /* FspSysTemTableViewCell.swift */; };
		4953BA4622F91E810013AE85 /* FspMsgCell.swift in Sources */ = {isa = PBXBuildFile; fileRef = 4953BA3A22F91E810013AE85 /* FspMsgCell.swift */; };
		4953BA4722F91E810013AE85 /* FspSysTemTableViewCell.xib in Resources */ = {isa = PBXBuildFile; fileRef = 4953BA3B22F91E810013AE85 /* FspSysTemTableViewCell.xib */; };
		4953BA4822F91E810013AE85 /* FspCollectionViewCell.swift in Sources */ = {isa = PBXBuildFile; fileRef = 4953BA3C22F91E810013AE85 /* FspCollectionViewCell.swift */; };
		4953BA4922F91E810013AE85 /* FspCpuMonitor.m in Sources */ = {isa = PBXBuildFile; fileRef = 4953BA3D22F91E810013AE85 /* FspCpuMonitor.m */; };
		4953BA4A22F91E810013AE85 /* FspSystemMsgVC.xib in Resources */ = {isa = PBXBuildFile; fileRef = 4953BA3E22F91E810013AE85 /* FspSystemMsgVC.xib */; };
		4953BA4B22F91E810013AE85 /* moreView.swift in Sources */ = {isa = PBXBuildFile; fileRef = 4953BA3F22F91E810013AE85 /* moreView.swift */; };
		4953BA4E22F91ED30013AE85 /* Reachability.m in Sources */ = {isa = PBXBuildFile; fileRef = 4953BA4D22F91ED30013AE85 /* Reachability.m */; };
		497D90962296943A00F7B39F /* FspChooseView.swift in Sources */ = {isa = PBXBuildFile; fileRef = 497D90952296943A00F7B39F /* FspChooseView.swift */; };
		497D909A229694AF00F7B39F /* FspChooseView.xib in Resources */ = {isa = PBXBuildFile; fileRef = 497D9099229694AF00F7B39F /* FspChooseView.xib */; };
		497D909D2296964200F7B39F /* FspChooseTableViewCell.swift in Sources */ = {isa = PBXBuildFile; fileRef = 497D909B2296964200F7B39F /* FspChooseTableViewCell.swift */; };
		497D909E2296964200F7B39F /* FspChooseTableViewCell.xib in Resources */ = {isa = PBXBuildFile; fileRef = 497D909C2296964200F7B39F /* FspChooseTableViewCell.xib */; };
		49A193AC2276C3700079251C /* aes.cpp in Sources */ = {isa = PBXBuildFile; fileRef = 49A193632276C3700079251C /* aes.cpp */; };
		49A193AD2276C3700079251C /* FspTokenFile.mm in Sources */ = {isa = PBXBuildFile; fileRef = 49A193652276C3700079251C /* FspTokenFile.mm */; };
		49A193AE2276C3700079251C /* FspToolViewController.swift in Sources */ = {isa = PBXBuildFile; fileRef = 49A193682276C3700079251C /* FspToolViewController.swift */; };
		49A193AF2276C3700079251C /* HHShowView.m in Sources */ = {isa = PBXBuildFile; fileRef = 49A193692276C3700079251C /* HHShowView.m */; };
		49A193B02276C3700079251C /* DXPopover.m in Sources */ = {isa = PBXBuildFile; fileRef = 49A1936A2276C3700079251C /* DXPopover.m */; };
		49A193B12276C3700079251C /* FspTools.swift in Sources */ = {isa = PBXBuildFile; fileRef = 49A1936B2276C3700079251C /* FspTools.swift */; };
		49A193B22276C3700079251C /* FspNavViewController.swift in Sources */ = {isa = PBXBuildFile; fileRef = 49A1936C2276C3700079251C /* FspNavViewController.swift */; };
		49A193B32276C3700079251C /* FspListViewController.swift in Sources */ = {isa = PBXBuildFile; fileRef = 49A1936F2276C3700079251C /* FspListViewController.swift */; };
		49A193B42276C3700079251C /* FspListTableViewCell.xib in Resources */ = {isa = PBXBuildFile; fileRef = 49A193702276C3700079251C /* FspListTableViewCell.xib */; };
		49A193B52276C3700079251C /* FspListTableViewCell.swift in Sources */ = {isa = PBXBuildFile; fileRef = 49A193712276C3700079251C /* FspListTableViewCell.swift */; };
		49A193B62276C3700079251C /* FspListViewController.xib in Resources */ = {isa = PBXBuildFile; fileRef = 49A193722276C3700079251C /* FspListViewController.xib */; };
		49A193B72276C3700079251C /* FspLoginViewController.swift in Sources */ = {isa = PBXBuildFile; fileRef = 49A193742276C3700079251C /* FspLoginViewController.swift */; };
		49A193B82276C3700079251C /* FspLoginViewController.xib in Resources */ = {isa = PBXBuildFile; fileRef = 49A193752276C3700079251C /* FspLoginViewController.xib */; };
		49A193B92276C3700079251C /* Assets.xcassets in Resources */ = {isa = PBXBuildFile; fileRef = 49A193762276C3700079251C /* Assets.xcassets */; };
		49A193BA2276C3700079251C /* NSLayoutConstraint+MASDebugAdditions.m in Sources */ = {isa = PBXBuildFile; fileRef = 49A1937A2276C3700079251C /* NSLayoutConstraint+MASDebugAdditions.m */; };
		49A193BB2276C3700079251C /* ViewController+MASAdditions.m in Sources */ = {isa = PBXBuildFile; fileRef = 49A193832276C3700079251C /* ViewController+MASAdditions.m */; };
		49A193BC2276C3700079251C /* MASCompositeConstraint.m in Sources */ = {isa = PBXBuildFile; fileRef = 49A193872276C3700079251C /* MASCompositeConstraint.m */; };
		49A193BD2276C3700079251C /* MASConstraintMaker.m in Sources */ = {isa = PBXBuildFile; fileRef = 49A193882276C3700079251C /* MASConstraintMaker.m */; };
		49A193BE2276C3700079251C /* MASLayoutConstraint.m in Sources */ = {isa = PBXBuildFile; fileRef = 49A193892276C3700079251C /* MASLayoutConstraint.m */; };
		49A193BF2276C3700079251C /* NSArray+MASAdditions.m in Sources */ = {isa = PBXBuildFile; fileRef = 49A1938A2276C3700079251C /* NSArray+MASAdditions.m */; };
		49A193C02276C3700079251C /* View+MASAdditions.m in Sources */ = {isa = PBXBuildFile; fileRef = 49A1938B2276C3700079251C /* View+MASAdditions.m */; };
		49A193C12276C3700079251C /* MASConstraint.m in Sources */ = {isa = PBXBuildFile; fileRef = 49A1938E2276C3700079251C /* MASConstraint.m */; };
		49A193C22276C3700079251C /* MASViewConstraint.m in Sources */ = {isa = PBXBuildFile; fileRef = 49A193902276C3700079251C /* MASViewConstraint.m */; };
		49A193C32276C3700079251C /* MASViewAttribute.m in Sources */ = {isa = PBXBuildFile; fileRef = 49A193912276C3700079251C /* MASViewAttribute.m */; };
		49A193C42276C3700079251C /* FspManager.swift in Sources */ = {isa = PBXBuildFile; fileRef = 49A193932276C3700079251C /* FspManager.swift */; };
		49A193C52276C3700079251C /* FspMessageModel.swift in Sources */ = {isa = PBXBuildFile; fileRef = 49A193952276C3700079251C /* FspMessageModel.swift */; };
		49A193C62276C3700079251C /* LaunchScreen.storyboard in Resources */ = {isa = PBXBuildFile; fileRef = 49A193962276C3700079251C /* LaunchScreen.storyboard */; };
		49A193C72276C3700079251C /* FspButton.swift in Sources */ = {isa = PBXBuildFile; fileRef = 49A193992276C3700079251C /* FspButton.swift */; };
		49A193C82276C3700079251C /* FspInviteViewController.swift in Sources */ = {isa = PBXBuildFile; fileRef = 49A1939A2276C3700079251C /* FspInviteViewController.swift */; };
		49A193C92276C3700079251C /* FspInviteViewController.xib in Resources */ = {isa = PBXBuildFile; fileRef = 49A1939B2276C3700079251C /* FspInviteViewController.xib */; };
		49A193CA2276C3700079251C /* FspSeetingsModel.swift in Sources */ = {isa = PBXBuildFile; fileRef = 49A1939D2276C3700079251C /* FspSeetingsModel.swift */; };
		49A193CB2276C3700079251C /* FspMeetingSettingViewController.swift in Sources */ = {isa = PBXBuildFile; fileRef = 49A1939E2276C3700079251C /* FspMeetingSettingViewController.swift */; };
		49A193CC2276C3700079251C /* FspMeetingSettingViewController.xib in Resources */ = {isa = PBXBuildFile; fileRef = 49A1939F2276C3700079251C /* FspMeetingSettingViewController.xib */; };
		49A193CD2276C3700079251C /* AppDelegate.swift in Sources */ = {isa = PBXBuildFile; fileRef = 49A193A02276C3700079251C /* AppDelegate.swift */; };
		49A193CE2276C3700079251C /* FspSettingViewController.xib in Resources */ = {isa = PBXBuildFile; fileRef = 49A193A22276C3700079251C /* FspSettingViewController.xib */; };
		49A193CF2276C3700079251C /* FspSettingViewController.swift in Sources */ = {isa = PBXBuildFile; fileRef = 49A193A32276C3700079251C /* FspSettingViewController.swift */; };
		49A193E92276C84B0079251C /* MBProgressHUD.m in Sources */ = {isa = PBXBuildFile; fileRef = 49A193E72276C84B0079251C /* MBProgressHUD.m */; };
		49AA364322FBF3C30014C42B /* shareMoreView.swift in Sources */ = {isa = PBXBuildFile; fileRef = 49AA364222FBF3C30014C42B /* shareMoreView.swift */; };
		49E54FE72293D7C600185D70 /* FspChooseSendMsgBtn.swift in Sources */ = {isa = PBXBuildFile; fileRef = 49E54FE62293D7C600185D70 /* FspChooseSendMsgBtn.swift */; };
		49E54FE92293DDAA00185D70 /* FspInputMsgTextView.swift in Sources */ = {isa = PBXBuildFile; fileRef = 49E54FE82293DDAA00185D70 /* FspInputMsgTextView.swift */; };
		843F336B21CA6DD700CCD1D8 /* VideoToolbox.framework in Frameworks */ = {isa = PBXBuildFile; fileRef = 843F336A21CA6DCE00CCD1D8 /* VideoToolbox.framework */; };
		84A5806822E9423400A4C0A4 /* FspKit.framework in Embed Frameworks */ = {isa = PBXBuildFile; fileRef = 84A5806722E9423400A4C0A4 /* FspKit.framework */; settings = {ATTRIBUTES = (CodeSignOnCopy, RemoveHeadersOnCopy, ); }; };
		84A5806B22E9430A00A4C0A4 /* FspKit.framework in Frameworks */ = {isa = PBXBuildFile; fileRef = 84A5806722E9423400A4C0A4 /* FspKit.framework */; };
		84DF7C7C20D3D2F7007BAB47 /* ReactiveObjC.framework in Embed Frameworks */ = {isa = PBXBuildFile; fileRef = CC70DD3A2089EA1D00F9FC3A /* ReactiveObjC.framework */; settings = {ATTRIBUTES = (CodeSignOnCopy, RemoveHeadersOnCopy, ); }; };
		CC5C76B520888EB500A734EC /* AVFoundation.framework in Frameworks */ = {isa = PBXBuildFile; fileRef = CC5C76B420888EB500A734EC /* AVFoundation.framework */; };
		CC5C76B720888EC300A734EC /* CoreMedia.framework in Frameworks */ = {isa = PBXBuildFile; fileRef = CC5C76B620888EC300A734EC /* CoreMedia.framework */; };
		CC5C76B920888ECD00A734EC /* AudioToolbox.framework in Frameworks */ = {isa = PBXBuildFile; fileRef = CC5C76B820888ECD00A734EC /* AudioToolbox.framework */; };
		CC5C76BD20888EE200A734EC /* libz.tbd in Frameworks */ = {isa = PBXBuildFile; fileRef = CC5C76BC20888EE200A734EC /* libz.tbd */; };
		CC5C76FA2088B67600A734EC /* libiconv.tbd in Frameworks */ = {isa = PBXBuildFile; fileRef = CC5C76F92088B67600A734EC /* libiconv.tbd */; };
		CC70DD12208990B000F9FC3A /* CoreAudio.framework in Frameworks */ = {isa = PBXBuildFile; fileRef = CC70DD11208990AF00F9FC3A /* CoreAudio.framework */; };
		CC70DD14208990B900F9FC3A /* MediaToolbox.framework in Frameworks */ = {isa = PBXBuildFile; fileRef = CC70DD13208990B900F9FC3A /* MediaToolbox.framework */; settings = {ATTRIBUTES = (Required, ); }; };
		CC70DD3B2089EA1E00F9FC3A /* ReactiveObjC.framework in Frameworks */ = {isa = PBXBuildFile; fileRef = CC70DD3A2089EA1D00F9FC3A /* ReactiveObjC.framework */; };
/* End PBXBuildFile section */

/* Begin PBXCopyFilesBuildPhase section */
		CC70DD352089E96700F9FC3A /* Embed Frameworks */ = {
			isa = PBXCopyFilesBuildPhase;
			buildActionMask = 2147483647;
			dstPath = "";
			dstSubfolderSpec = 10;
			files = (
				84A5806822E9423400A4C0A4 /* FspKit.framework in Embed Frameworks */,
				84DF7C7C20D3D2F7007BAB47 /* ReactiveObjC.framework in Embed Frameworks */,
			);
			name = "Embed Frameworks";
			runOnlyForDeploymentPostprocessing = 0;
		};
/* End PBXCopyFilesBuildPhase section */

/* Begin PBXFileReference section */
		490ECA462297A50A008442E4 /* FspEmojiTextAttachment.h */ = {isa = PBXFileReference; fileEncoding = 4; lastKnownFileType = sourcecode.c.h; path = FspEmojiTextAttachment.h; sourceTree = "<group>"; };
		490ECA472297A50A008442E4 /* FspEmojiTextAttachment.m */ = {isa = PBXFileReference; fileEncoding = 4; lastKnownFileType = sourcecode.c.objc; path = FspEmojiTextAttachment.m; sourceTree = "<group>"; };
		490ECA492297A513008442E4 /* NSMutableAttributedString+FspImageAttributeStr.m */ = {isa = PBXFileReference; fileEncoding = 4; lastKnownFileType = sourcecode.c.objc; path = "NSMutableAttributedString+FspImageAttributeStr.m"; sourceTree = "<group>"; };
		490ECA4A2297A513008442E4 /* NSMutableAttributedString+FspImageAttributeStr.h */ = {isa = PBXFileReference; fileEncoding = 4; lastKnownFileType = sourcecode.c.h; path = "NSMutableAttributedString+FspImageAttributeStr.h"; sourceTree = "<group>"; };
		4931FC8C229E5D7900AA162C /* FspAttendeeCell.swift */ = {isa = PBXFileReference; lastKnownFileType = sourcecode.swift; path = FspAttendeeCell.swift; sourceTree = "<group>"; };
		4931FC8D229E5D7900AA162C /* FspAttendeeCell.xib */ = {isa = PBXFileReference; lastKnownFileType = file.xib; path = FspAttendeeCell.xib; sourceTree = "<group>"; };
		4931FC91229E7A6300AA162C /* FspAttendeeModel.swift */ = {isa = PBXFileReference; lastKnownFileType = sourcecode.swift; path = FspAttendeeModel.swift; sourceTree = "<group>"; };
		4931FC93229F71A200AA162C /* FspMsgChooseSendCell.swift */ = {isa = PBXFileReference; lastKnownFileType = sourcecode.swift; path = FspMsgChooseSendCell.swift; sourceTree = "<group>"; };
		4931FC94229F71A200AA162C /* FspMsgChooseSendCell.xib */ = {isa = PBXFileReference; lastKnownFileType = file.xib; path = FspMsgChooseSendCell.xib; sourceTree = "<group>"; };
		4931FC97229F833400AA162C /* FspAllChooseModel.swift */ = {isa = PBXFileReference; lastKnownFileType = sourcecode.swift; path = FspAllChooseModel.swift; sourceTree = "<group>"; };
		4931FC99229F834500AA162C /* FspChooseModel.swift */ = {isa = PBXFileReference; lastKnownFileType = sourcecode.swift; path = FspChooseModel.swift; sourceTree = "<group>"; };
		4931FC9B229F843C00AA162C /* FspMsgSendModel.swift */ = {isa = PBXFileReference; lastKnownFileType = sourcecode.swift; path = FspMsgSendModel.swift; sourceTree = "<group>"; };
		49468BCD22CCC7EF004C7454 /* libc++.tbd */ = {isa = PBXFileReference; lastKnownFileType = "sourcecode.text-based-dylib-definition"; name = "libc++.tbd"; path = "usr/lib/libc++.tbd"; sourceTree = SDKROOT; };
		4953BA3322F91E800013AE85 /* FspMeetingViewController.swift */ = {isa = PBXFileReference; fileEncoding = 4; lastKnownFileType = sourcecode.swift; path = FspMeetingViewController.swift; sourceTree = "<group>"; };
		4953BA3422F91E810013AE85 /* FspCpuMonitor.h */ = {isa = PBXFileReference; fileEncoding = 4; lastKnownFileType = sourcecode.c.h; path = FspCpuMonitor.h; sourceTree = "<group>"; };
		4953BA3522F91E810013AE85 /* FspMeetingViewController.xib */ = {isa = PBXFileReference; fileEncoding = 4; lastKnownFileType = file.xib; path = FspMeetingViewController.xib; sourceTree = "<group>"; };
		4953BA3622F91E810013AE85 /* FspAttendeeUsrInfo.swift */ = {isa = PBXFileReference; fileEncoding = 4; lastKnownFileType = sourcecode.swift; path = FspAttendeeUsrInfo.swift; sourceTree = "<group>"; };
		4953BA3722F91E810013AE85 /* FspCollectionViewCell.xib */ = {isa = PBXFileReference; fileEncoding = 4; lastKnownFileType = file.xib; path = FspCollectionViewCell.xib; sourceTree = "<group>"; };
		4953BA3822F91E810013AE85 /* FspSystemMsgVC.swift */ = {isa = PBXFileReference; fileEncoding = 4; lastKnownFileType = sourcecode.swift; path = FspSystemMsgVC.swift; sourceTree = "<group>"; };
		4953BA3922F91E810013AE85 /* FspSysTemTableViewCell.swift */ = {isa = PBXFileReference; fileEncoding = 4; lastKnownFileType = sourcecode.swift; path = FspSysTemTableViewCell.swift; sourceTree = "<group>"; };
		4953BA3A22F91E810013AE85 /* FspMsgCell.swift */ = {isa = PBXFileReference; fileEncoding = 4; lastKnownFileType = sourcecode.swift; path = FspMsgCell.swift; sourceTree = "<group>"; };
		4953BA3B22F91E810013AE85 /* FspSysTemTableViewCell.xib */ = {isa = PBXFileReference; fileEncoding = 4; lastKnownFileType = file.xib; path = FspSysTemTableViewCell.xib; sourceTree = "<group>"; };
		4953BA3C22F91E810013AE85 /* FspCollectionViewCell.swift */ = {isa = PBXFileReference; fileEncoding = 4; lastKnownFileType = sourcecode.swift; path = FspCollectionViewCell.swift; sourceTree = "<group>"; };
		4953BA3D22F91E810013AE85 /* FspCpuMonitor.m */ = {isa = PBXFileReference; fileEncoding = 4; lastKnownFileType = sourcecode.c.objc; path = FspCpuMonitor.m; sourceTree = "<group>"; };
		4953BA3E22F91E810013AE85 /* FspSystemMsgVC.xib */ = {isa = PBXFileReference; fileEncoding = 4; lastKnownFileType = file.xib; path = FspSystemMsgVC.xib; sourceTree = "<group>"; };
		4953BA3F22F91E810013AE85 /* moreView.swift */ = {isa = PBXFileReference; fileEncoding = 4; lastKnownFileType = sourcecode.swift; path = moreView.swift; sourceTree = "<group>"; };
		4953BA4C22F91ED30013AE85 /* Reachability.h */ = {isa = PBXFileReference; fileEncoding = 4; lastKnownFileType = sourcecode.c.h; path = Reachability.h; sourceTree = "<group>"; };
		4953BA4D22F91ED30013AE85 /* Reachability.m */ = {isa = PBXFileReference; fileEncoding = 4; lastKnownFileType = sourcecode.c.objc; path = Reachability.m; sourceTree = "<group>"; };
		497D90952296943A00F7B39F /* FspChooseView.swift */ = {isa = PBXFileReference; lastKnownFileType = sourcecode.swift; path = FspChooseView.swift; sourceTree = "<group>"; };
		497D9099229694AF00F7B39F /* FspChooseView.xib */ = {isa = PBXFileReference; lastKnownFileType = file.xib; path = FspChooseView.xib; sourceTree = "<group>"; };
		497D909B2296964200F7B39F /* FspChooseTableViewCell.swift */ = {isa = PBXFileReference; lastKnownFileType = sourcecode.swift; path = FspChooseTableViewCell.swift; sourceTree = "<group>"; };
		497D909C2296964200F7B39F /* FspChooseTableViewCell.xib */ = {isa = PBXFileReference; lastKnownFileType = file.xib; path = FspChooseTableViewCell.xib; sourceTree = "<group>"; };
		49A193602276C3700079251C /* fsp_tools.h */ = {isa = PBXFileReference; fileEncoding = 4; lastKnownFileType = sourcecode.c.h; path = fsp_tools.h; sourceTree = "<group>"; };
		49A193612276C3700079251C /* fsp_token.h */ = {isa = PBXFileReference; fileEncoding = 4; lastKnownFileType = sourcecode.c.h; path = fsp_token.h; sourceTree = "<group>"; };
		49A193622276C3700079251C /* aes.h */ = {isa = PBXFileReference; fileEncoding = 4; lastKnownFileType = sourcecode.c.h; path = aes.h; sourceTree = "<group>"; };
		49A193632276C3700079251C /* aes.cpp */ = {isa = PBXFileReference; fileEncoding = 4; lastKnownFileType = sourcecode.cpp.cpp; path = aes.cpp; sourceTree = "<group>"; };
		49A193652276C3700079251C /* FspTokenFile.mm */ = {isa = PBXFileReference; fileEncoding = 4; lastKnownFileType = sourcecode.cpp.objcpp; path = FspTokenFile.mm; sourceTree = "<group>"; };
		49A193662276C3700079251C /* DXPopover.h */ = {isa = PBXFileReference; fileEncoding = 4; lastKnownFileType = sourcecode.c.h; path = DXPopover.h; sourceTree = "<group>"; };
		49A193672276C3700079251C /* HHShowView.h */ = {isa = PBXFileReference; fileEncoding = 4; lastKnownFileType = sourcecode.c.h; path = HHShowView.h; sourceTree = "<group>"; };
		49A193682276C3700079251C /* FspToolViewController.swift */ = {isa = PBXFileReference; fileEncoding = 4; lastKnownFileType = sourcecode.swift; path = FspToolViewController.swift; sourceTree = "<group>"; };
		49A193692276C3700079251C /* HHShowView.m */ = {isa = PBXFileReference; fileEncoding = 4; lastKnownFileType = sourcecode.c.objc; path = HHShowView.m; sourceTree = "<group>"; };
		49A1936A2276C3700079251C /* DXPopover.m */ = {isa = PBXFileReference; fileEncoding = 4; lastKnownFileType = sourcecode.c.objc; path = DXPopover.m; sourceTree = "<group>"; };
		49A1936B2276C3700079251C /* FspTools.swift */ = {isa = PBXFileReference; fileEncoding = 4; lastKnownFileType = sourcecode.swift; path = FspTools.swift; sourceTree = "<group>"; };
		49A1936C2276C3700079251C /* FspNavViewController.swift */ = {isa = PBXFileReference; fileEncoding = 4; lastKnownFileType = sourcecode.swift; path = FspNavViewController.swift; sourceTree = "<group>"; };
		49A1936D2276C3700079251C /* FspTokenFile.h */ = {isa = PBXFileReference; fileEncoding = 4; lastKnownFileType = sourcecode.c.h; path = FspTokenFile.h; sourceTree = "<group>"; };
		49A1936F2276C3700079251C /* FspListViewController.swift */ = {isa = PBXFileReference; fileEncoding = 4; lastKnownFileType = sourcecode.swift; path = FspListViewController.swift; sourceTree = "<group>"; };
		49A193702276C3700079251C /* FspListTableViewCell.xib */ = {isa = PBXFileReference; fileEncoding = 4; lastKnownFileType = file.xib; path = FspListTableViewCell.xib; sourceTree = "<group>"; };
		49A193712276C3700079251C /* FspListTableViewCell.swift */ = {isa = PBXFileReference; fileEncoding = 4; lastKnownFileType = sourcecode.swift; path = FspListTableViewCell.swift; sourceTree = "<group>"; };
		49A193722276C3700079251C /* FspListViewController.xib */ = {isa = PBXFileReference; fileEncoding = 4; lastKnownFileType = file.xib; path = FspListViewController.xib; sourceTree = "<group>"; };
		49A193742276C3700079251C /* FspLoginViewController.swift */ = {isa = PBXFileReference; fileEncoding = 4; lastKnownFileType = sourcecode.swift; path = FspLoginViewController.swift; sourceTree = "<group>"; };
		49A193752276C3700079251C /* FspLoginViewController.xib */ = {isa = PBXFileReference; fileEncoding = 4; lastKnownFileType = file.xib; path = FspLoginViewController.xib; sourceTree = "<group>"; };
		49A193762276C3700079251C /* Assets.xcassets */ = {isa = PBXFileReference; lastKnownFileType = folder.assetcatalog; path = Assets.xcassets; sourceTree = "<group>"; };
		49A193772276C3700079251C /* MeetingDemo-Bridging-Header.h */ = {isa = PBXFileReference; fileEncoding = 4; lastKnownFileType = sourcecode.c.h; path = "MeetingDemo-Bridging-Header.h"; sourceTree = "<group>"; };
		49A193792276C3700079251C /* MASCompositeConstraint.h */ = {isa = PBXFileReference; fileEncoding = 4; lastKnownFileType = sourcecode.c.h; path = MASCompositeConstraint.h; sourceTree = "<group>"; };
		49A1937A2276C3700079251C /* NSLayoutConstraint+MASDebugAdditions.m */ = {isa = PBXFileReference; fileEncoding = 4; lastKnownFileType = sourcecode.c.objc; path = "NSLayoutConstraint+MASDebugAdditions.m"; sourceTree = "<group>"; };
		49A1937B2276C3700079251C /* MASConstraint+Private.h */ = {isa = PBXFileReference; fileEncoding = 4; lastKnownFileType = sourcecode.c.h; path = "MASConstraint+Private.h"; sourceTree = "<group>"; };
		49A1937C2276C3700079251C /* MASLayoutConstraint.h */ = {isa = PBXFileReference; fileEncoding = 4; lastKnownFileType = sourcecode.c.h; path = MASLayoutConstraint.h; sourceTree = "<group>"; };
		49A1937D2276C3700079251C /* NSArray+MASShorthandAdditions.h */ = {isa = PBXFileReference; fileEncoding = 4; lastKnownFileType = sourcecode.c.h; path = "NSArray+MASShorthandAdditions.h"; sourceTree = "<group>"; };
		49A1937E2276C3700079251C /* MASConstraintMaker.h */ = {isa = PBXFileReference; fileEncoding = 4; lastKnownFileType = sourcecode.c.h; path = MASConstraintMaker.h; sourceTree = "<group>"; };
		49A1937F2276C3700079251C /* View+MASAdditions.h */ = {isa = PBXFileReference; fileEncoding = 4; lastKnownFileType = sourcecode.c.h; path = "View+MASAdditions.h"; sourceTree = "<group>"; };
		49A193802276C3700079251C /* NSArray+MASAdditions.h */ = {isa = PBXFileReference; fileEncoding = 4; lastKnownFileType = sourcecode.c.h; path = "NSArray+MASAdditions.h"; sourceTree = "<group>"; };
		49A193812276C3700079251C /* MASUtilities.h */ = {isa = PBXFileReference; fileEncoding = 4; lastKnownFileType = sourcecode.c.h; path = MASUtilities.h; sourceTree = "<group>"; };
		49A193822276C3700079251C /* MASViewAttribute.h */ = {isa = PBXFileReference; fileEncoding = 4; lastKnownFileType = sourcecode.c.h; path = MASViewAttribute.h; sourceTree = "<group>"; };
		49A193832276C3700079251C /* ViewController+MASAdditions.m */ = {isa = PBXFileReference; fileEncoding = 4; lastKnownFileType = sourcecode.c.objc; path = "ViewController+MASAdditions.m"; sourceTree = "<group>"; };
		49A193842276C3700079251C /* MASViewConstraint.h */ = {isa = PBXFileReference; fileEncoding = 4; lastKnownFileType = sourcecode.c.h; path = MASViewConstraint.h; sourceTree = "<group>"; };
		49A193852276C3700079251C /* MASConstraint.h */ = {isa = PBXFileReference; fileEncoding = 4; lastKnownFileType = sourcecode.c.h; path = MASConstraint.h; sourceTree = "<group>"; };
		49A193862276C3700079251C /* NSLayoutConstraint+MASDebugAdditions.h */ = {isa = PBXFileReference; fileEncoding = 4; lastKnownFileType = sourcecode.c.h; path = "NSLayoutConstraint+MASDebugAdditions.h"; sourceTree = "<group>"; };
		49A193872276C3700079251C /* MASCompositeConstraint.m */ = {isa = PBXFileReference; fileEncoding = 4; lastKnownFileType = sourcecode.c.objc; path = MASCompositeConstraint.m; sourceTree = "<group>"; };
		49A193882276C3700079251C /* MASConstraintMaker.m */ = {isa = PBXFileReference; fileEncoding = 4; lastKnownFileType = sourcecode.c.objc; path = MASConstraintMaker.m; sourceTree = "<group>"; };
		49A193892276C3700079251C /* MASLayoutConstraint.m */ = {isa = PBXFileReference; fileEncoding = 4; lastKnownFileType = sourcecode.c.objc; path = MASLayoutConstraint.m; sourceTree = "<group>"; };
		49A1938A2276C3700079251C /* NSArray+MASAdditions.m */ = {isa = PBXFileReference; fileEncoding = 4; lastKnownFileType = sourcecode.c.objc; path = "NSArray+MASAdditions.m"; sourceTree = "<group>"; };
		49A1938B2276C3700079251C /* View+MASAdditions.m */ = {isa = PBXFileReference; fileEncoding = 4; lastKnownFileType = sourcecode.c.objc; path = "View+MASAdditions.m"; sourceTree = "<group>"; };
		49A1938C2276C3700079251C /* View+MASShorthandAdditions.h */ = {isa = PBXFileReference; fileEncoding = 4; lastKnownFileType = sourcecode.c.h; path = "View+MASShorthandAdditions.h"; sourceTree = "<group>"; };
		49A1938D2276C3700079251C /* Masonry.h */ = {isa = PBXFileReference; fileEncoding = 4; lastKnownFileType = sourcecode.c.h; path = Masonry.h; sourceTree = "<group>"; };
		49A1938E2276C3700079251C /* MASConstraint.m */ = {isa = PBXFileReference; fileEncoding = 4; lastKnownFileType = sourcecode.c.objc; path = MASConstraint.m; sourceTree = "<group>"; };
		49A1938F2276C3700079251C /* ViewController+MASAdditions.h */ = {isa = PBXFileReference; fileEncoding = 4; lastKnownFileType = sourcecode.c.h; path = "ViewController+MASAdditions.h"; sourceTree = "<group>"; };
		49A193902276C3700079251C /* MASViewConstraint.m */ = {isa = PBXFileReference; fileEncoding = 4; lastKnownFileType = sourcecode.c.objc; path = MASViewConstraint.m; sourceTree = "<group>"; };
		49A193912276C3700079251C /* MASViewAttribute.m */ = {isa = PBXFileReference; fileEncoding = 4; lastKnownFileType = sourcecode.c.objc; path = MASViewAttribute.m; sourceTree = "<group>"; };
		49A193932276C3700079251C /* FspManager.swift */ = {isa = PBXFileReference; fileEncoding = 4; lastKnownFileType = sourcecode.swift; path = FspManager.swift; sourceTree = "<group>"; };
		49A193952276C3700079251C /* FspMessageModel.swift */ = {isa = PBXFileReference; fileEncoding = 4; lastKnownFileType = sourcecode.swift; path = FspMessageModel.swift; sourceTree = "<group>"; };
		49A193972276C3700079251C /* Base */ = {isa = PBXFileReference; lastKnownFileType = file.storyboard; name = Base; path = Base.lproj/LaunchScreen.storyboard; sourceTree = "<group>"; };
		49A193992276C3700079251C /* FspButton.swift */ = {isa = PBXFileReference; fileEncoding = 4; lastKnownFileType = sourcecode.swift; path = FspButton.swift; sourceTree = "<group>"; };
		49A1939A2276C3700079251C /* FspInviteViewController.swift */ = {isa = PBXFileReference; fileEncoding = 4; lastKnownFileType = sourcecode.swift; path = FspInviteViewController.swift; sourceTree = "<group>"; };
		49A1939B2276C3700079251C /* FspInviteViewController.xib */ = {isa = PBXFileReference; fileEncoding = 4; lastKnownFileType = file.xib; path = FspInviteViewController.xib; sourceTree = "<group>"; };
		49A1939D2276C3700079251C /* FspSeetingsModel.swift */ = {isa = PBXFileReference; fileEncoding = 4; lastKnownFileType = sourcecode.swift; path = FspSeetingsModel.swift; sourceTree = "<group>"; };
		49A1939E2276C3700079251C /* FspMeetingSettingViewController.swift */ = {isa = PBXFileReference; fileEncoding = 4; lastKnownFileType = sourcecode.swift; path = FspMeetingSettingViewController.swift; sourceTree = "<group>"; };
		49A1939F2276C3700079251C /* FspMeetingSettingViewController.xib */ = {isa = PBXFileReference; fileEncoding = 4; lastKnownFileType = file.xib; path = FspMeetingSettingViewController.xib; sourceTree = "<group>"; };
		49A193A02276C3700079251C /* AppDelegate.swift */ = {isa = PBXFileReference; fileEncoding = 4; lastKnownFileType = sourcecode.swift; path = AppDelegate.swift; sourceTree = "<group>"; };
		49A193A22276C3700079251C /* FspSettingViewController.xib */ = {isa = PBXFileReference; fileEncoding = 4; lastKnownFileType = file.xib; path = FspSettingViewController.xib; sourceTree = "<group>"; };
		49A193A32276C3700079251C /* FspSettingViewController.swift */ = {isa = PBXFileReference; fileEncoding = 4; lastKnownFileType = sourcecode.swift; path = FspSettingViewController.swift; sourceTree = "<group>"; };
		49A193AB2276C3700079251C /* Info.plist */ = {isa = PBXFileReference; fileEncoding = 4; lastKnownFileType = text.plist.xml; path = Info.plist; sourceTree = "<group>"; };
		49A193E32276C7F00079251C /* FspKit.framework */ = {isa = PBXFileReference; lastKnownFileType = wrapper.framework; name = FspKit.framework; path = "../../../../Library/Developer/Xcode/DerivedData/FspSDK-hcvotppahuknwvgulbxdxdfcfikd/Build/Products/Debug-iphoneos/FspKit.framework"; sourceTree = "<group>"; };
		49A193E72276C84B0079251C /* MBProgressHUD.m */ = {isa = PBXFileReference; fileEncoding = 4; lastKnownFileType = sourcecode.c.objc; path = MBProgressHUD.m; sourceTree = "<group>"; };
		49A193E82276C84B0079251C /* MBProgressHUD.h */ = {isa = PBXFileReference; fileEncoding = 4; lastKnownFileType = sourcecode.c.h; path = MBProgressHUD.h; sourceTree = "<group>"; };
		49AA364222FBF3C30014C42B /* shareMoreView.swift */ = {isa = PBXFileReference; lastKnownFileType = sourcecode.swift; path = shareMoreView.swift; sourceTree = "<group>"; };
		49E54FE62293D7C600185D70 /* FspChooseSendMsgBtn.swift */ = {isa = PBXFileReference; lastKnownFileType = sourcecode.swift; path = FspChooseSendMsgBtn.swift; sourceTree = "<group>"; };
		49E54FE82293DDAA00185D70 /* FspInputMsgTextView.swift */ = {isa = PBXFileReference; lastKnownFileType = sourcecode.swift; path = FspInputMsgTextView.swift; sourceTree = "<group>"; };
		843F336A21CA6DCE00CCD1D8 /* VideoToolbox.framework */ = {isa = PBXFileReference; lastKnownFileType = wrapper.framework; name = VideoToolbox.framework; path = System/Library/Frameworks/VideoToolbox.framework; sourceTree = SDKROOT; };
		84A5806522E9421100A4C0A4 /* FspKit.framework */ = {isa = PBXFileReference; lastKnownFileType = wrapper.framework; path = FspKit.framework; sourceTree = "<group>"; };
		84A5806722E9423400A4C0A4 /* FspKit.framework */ = {isa = PBXFileReference; lastKnownFileType = wrapper.framework; path = FspKit.framework; sourceTree = "<group>"; };
		84A584E820861D2000B75AF8 /* MeetingDemo.app */ = {isa = PBXFileReference; explicitFileType = wrapper.application; includeInIndex = 0; path = MeetingDemo.app; sourceTree = BUILT_PRODUCTS_DIR; };
		CC5C76B420888EB500A734EC /* AVFoundation.framework */ = {isa = PBXFileReference; lastKnownFileType = wrapper.framework; name = AVFoundation.framework; path = System/Library/Frameworks/AVFoundation.framework; sourceTree = SDKROOT; };
		CC5C76B620888EC300A734EC /* CoreMedia.framework */ = {isa = PBXFileReference; lastKnownFileType = wrapper.framework; name = CoreMedia.framework; path = System/Library/Frameworks/CoreMedia.framework; sourceTree = SDKROOT; };
		CC5C76B820888ECD00A734EC /* AudioToolbox.framework */ = {isa = PBXFileReference; lastKnownFileType = wrapper.framework; name = AudioToolbox.framework; path = System/Library/Frameworks/AudioToolbox.framework; sourceTree = SDKROOT; };
		CC5C76BC20888EE200A734EC /* libz.tbd */ = {isa = PBXFileReference; lastKnownFileType = "sourcecode.text-based-dylib-definition"; name = libz.tbd; path = usr/lib/libz.tbd; sourceTree = SDKROOT; };
		CC5C76F92088B67600A734EC /* libiconv.tbd */ = {isa = PBXFileReference; lastKnownFileType = "sourcecode.text-based-dylib-definition"; name = libiconv.tbd; path = usr/lib/libiconv.tbd; sourceTree = SDKROOT; };
		CC70DD11208990AF00F9FC3A /* CoreAudio.framework */ = {isa = PBXFileReference; lastKnownFileType = wrapper.framework; name = CoreAudio.framework; path = System/Library/Frameworks/CoreAudio.framework; sourceTree = SDKROOT; };
		CC70DD13208990B900F9FC3A /* MediaToolbox.framework */ = {isa = PBXFileReference; lastKnownFileType = wrapper.framework; name = MediaToolbox.framework; path = System/Library/Frameworks/MediaToolbox.framework; sourceTree = SDKROOT; };
		CC70DD3A2089EA1D00F9FC3A /* ReactiveObjC.framework */ = {isa = PBXFileReference; lastKnownFileType = wrapper.framework; name = ReactiveObjC.framework; path = Carthage/Build/iOS/ReactiveObjC.framework; sourceTree = "<group>"; };
/* End PBXFileReference section */

/* Begin PBXFrameworksBuildPhase section */
		84A584E520861D2000B75AF8 /* Frameworks */ = {
			isa = PBXFrameworksBuildPhase;
			buildActionMask = 2147483647;
			files = (
				84A5806B22E9430A00A4C0A4 /* FspKit.framework in Frameworks */,
				49468BCE22CCC7F0004C7454 /* libc++.tbd in Frameworks */,
				843F336B21CA6DD700CCD1D8 /* VideoToolbox.framework in Frameworks */,
				CC70DD14208990B900F9FC3A /* MediaToolbox.framework in Frameworks */,
				CC70DD12208990B000F9FC3A /* CoreAudio.framework in Frameworks */,
				CC5C76FA2088B67600A734EC /* libiconv.tbd in Frameworks */,
				CC5C76BD20888EE200A734EC /* libz.tbd in Frameworks */,
				CC5C76B920888ECD00A734EC /* AudioToolbox.framework in Frameworks */,
				CC70DD3B2089EA1E00F9FC3A /* ReactiveObjC.framework in Frameworks */,
				CC5C76B720888EC300A734EC /* CoreMedia.framework in Frameworks */,
				CC5C76B520888EB500A734EC /* AVFoundation.framework in Frameworks */,
			);
			runOnlyForDeploymentPostprocessing = 0;
		};
/* End PBXFrameworksBuildPhase section */

/* Begin PBXGroup section */
		4931FC8B229E5D1E00AA162C /* attendeeList */ = {
			isa = PBXGroup;
			children = (
				4931FC90229E7A4300AA162C /* attendeeControl */,
				4931FC8C229E5D7900AA162C /* FspAttendeeCell.swift */,
				4931FC8D229E5D7900AA162C /* FspAttendeeCell.xib */,
			);
			path = attendeeList;
			sourceTree = "<group>";
		};
		4931FC90229E7A4300AA162C /* attendeeControl */ = {
			isa = PBXGroup;
			children = (
				4931FC91229E7A6300AA162C /* FspAttendeeModel.swift */,
			);
			path = attendeeControl;
			sourceTree = "<group>";
		};
		49A1935E2276C3700079251C /* MeetingDemo */ = {
			isa = PBXGroup;
			children = (
				49A193E62276C84B0079251C /* MBProgressHUD */,
				49A193A02276C3700079251C /* AppDelegate.swift */,
				49A1935F2276C3700079251C /* Token */,
				49A193642276C3700079251C /* tools */,
				49A1936E2276C3700079251C /* onlineList */,
				49A193732276C3700079251C /* main_login */,
				49A193782276C3700079251C /* Masonry */,
				49A193922276C3700079251C /* Fsp */,
				49A193942276C3700079251C /* message */,
				49A193982276C3700079251C /* invite */,
				49A1939C2276C3700079251C /* meetingSettings */,
				49A193A12276C3700079251C /* setting */,
				49A193AB2276C3700079251C /* Info.plist */,
				49A193962276C3700079251C /* LaunchScreen.storyboard */,
				49A193772276C3700079251C /* MeetingDemo-Bridging-Header.h */,
				49A193762276C3700079251C /* Assets.xcassets */,
			);
			path = MeetingDemo;
			sourceTree = "<group>";
		};
		49A1935F2276C3700079251C /* Token */ = {
			isa = PBXGroup;
			children = (
				49A193602276C3700079251C /* fsp_tools.h */,
				49A193612276C3700079251C /* fsp_token.h */,
				49A193622276C3700079251C /* aes.h */,
				49A193632276C3700079251C /* aes.cpp */,
			);
			path = Token;
			sourceTree = "<group>";
		};
		49A193642276C3700079251C /* tools */ = {
			isa = PBXGroup;
			children = (
				4953BA4C22F91ED30013AE85 /* Reachability.h */,
				4953BA4D22F91ED30013AE85 /* Reachability.m */,
				490ECA4A2297A513008442E4 /* NSMutableAttributedString+FspImageAttributeStr.h */,
				490ECA492297A513008442E4 /* NSMutableAttributedString+FspImageAttributeStr.m */,
				490ECA462297A50A008442E4 /* FspEmojiTextAttachment.h */,
				490ECA472297A50A008442E4 /* FspEmojiTextAttachment.m */,
				49A193652276C3700079251C /* FspTokenFile.mm */,
				49A193662276C3700079251C /* DXPopover.h */,
				49A193672276C3700079251C /* HHShowView.h */,
				49A193682276C3700079251C /* FspToolViewController.swift */,
				49A193692276C3700079251C /* HHShowView.m */,
				49A1936A2276C3700079251C /* DXPopover.m */,
				49A1936B2276C3700079251C /* FspTools.swift */,
				49A1936C2276C3700079251C /* FspNavViewController.swift */,
				49A1936D2276C3700079251C /* FspTokenFile.h */,
				49E54FE62293D7C600185D70 /* FspChooseSendMsgBtn.swift */,
				49E54FE82293DDAA00185D70 /* FspInputMsgTextView.swift */,
				497D90952296943A00F7B39F /* FspChooseView.swift */,
				497D9099229694AF00F7B39F /* FspChooseView.xib */,
			);
			path = tools;
			sourceTree = "<group>";
		};
		49A1936E2276C3700079251C /* onlineList */ = {
			isa = PBXGroup;
			children = (
				49A1936F2276C3700079251C /* FspListViewController.swift */,
				49A193702276C3700079251C /* FspListTableViewCell.xib */,
				49A193712276C3700079251C /* FspListTableViewCell.swift */,
				49A193722276C3700079251C /* FspListViewController.xib */,
			);
			path = onlineList;
			sourceTree = "<group>";
		};
		49A193732276C3700079251C /* main_login */ = {
			isa = PBXGroup;
			children = (
				49A193742276C3700079251C /* FspLoginViewController.swift */,
				49A193752276C3700079251C /* FspLoginViewController.xib */,
			);
			path = main_login;
			sourceTree = "<group>";
		};
		49A193782276C3700079251C /* Masonry */ = {
			isa = PBXGroup;
			children = (
				49A193792276C3700079251C /* MASCompositeConstraint.h */,
				49A1937A2276C3700079251C /* NSLayoutConstraint+MASDebugAdditions.m */,
				49A1937B2276C3700079251C /* MASConstraint+Private.h */,
				49A1937C2276C3700079251C /* MASLayoutConstraint.h */,
				49A1937D2276C3700079251C /* NSArray+MASShorthandAdditions.h */,
				49A1937E2276C3700079251C /* MASConstraintMaker.h */,
				49A1937F2276C3700079251C /* View+MASAdditions.h */,
				49A193802276C3700079251C /* NSArray+MASAdditions.h */,
				49A193812276C3700079251C /* MASUtilities.h */,
				49A193822276C3700079251C /* MASViewAttribute.h */,
				49A193832276C3700079251C /* ViewController+MASAdditions.m */,
				49A193842276C3700079251C /* MASViewConstraint.h */,
				49A193852276C3700079251C /* MASConstraint.h */,
				49A193862276C3700079251C /* NSLayoutConstraint+MASDebugAdditions.h */,
				49A193872276C3700079251C /* MASCompositeConstraint.m */,
				49A193882276C3700079251C /* MASConstraintMaker.m */,
				49A193892276C3700079251C /* MASLayoutConstraint.m */,
				49A1938A2276C3700079251C /* NSArray+MASAdditions.m */,
				49A1938B2276C3700079251C /* View+MASAdditions.m */,
				49A1938C2276C3700079251C /* View+MASShorthandAdditions.h */,
				49A1938D2276C3700079251C /* Masonry.h */,
				49A1938E2276C3700079251C /* MASConstraint.m */,
				49A1938F2276C3700079251C /* ViewController+MASAdditions.h */,
				49A193902276C3700079251C /* MASViewConstraint.m */,
				49A193912276C3700079251C /* MASViewAttribute.m */,
			);
			path = Masonry;
			sourceTree = "<group>";
		};
		49A193922276C3700079251C /* Fsp */ = {
			isa = PBXGroup;
			children = (
				49A193932276C3700079251C /* FspManager.swift */,
			);
			path = Fsp;
			sourceTree = "<group>";
		};
		49A193942276C3700079251C /* message */ = {
			isa = PBXGroup;
			children = (
				49A193A42276C3700079251C /* meetingVC */,
				49A193952276C3700079251C /* FspMessageModel.swift */,
				4931FC93229F71A200AA162C /* FspMsgChooseSendCell.swift */,
				4931FC94229F71A200AA162C /* FspMsgChooseSendCell.xib */,
				4931FC9B229F843C00AA162C /* FspMsgSendModel.swift */,
				4931FC97229F833400AA162C /* FspAllChooseModel.swift */,
				4931FC99229F834500AA162C /* FspChooseModel.swift */,
			);
			path = message;
			sourceTree = "<group>";
		};
		49A193982276C3700079251C /* invite */ = {
			isa = PBXGroup;
			children = (
				49A193992276C3700079251C /* FspButton.swift */,
				49A1939A2276C3700079251C /* FspInviteViewController.swift */,
				49A1939B2276C3700079251C /* FspInviteViewController.xib */,
			);
			path = invite;
			sourceTree = "<group>";
		};
		49A1939C2276C3700079251C /* meetingSettings */ = {
			isa = PBXGroup;
			children = (
				49A1939D2276C3700079251C /* FspSeetingsModel.swift */,
				49A1939E2276C3700079251C /* FspMeetingSettingViewController.swift */,
				49A1939F2276C3700079251C /* FspMeetingSettingViewController.xib */,
				497D909B2296964200F7B39F /* FspChooseTableViewCell.swift */,
				497D909C2296964200F7B39F /* FspChooseTableViewCell.xib */,
			);
			path = meetingSettings;
			sourceTree = "<group>";
		};
		49A193A12276C3700079251C /* setting */ = {
			isa = PBXGroup;
			children = (
				49A193A22276C3700079251C /* FspSettingViewController.xib */,
				49A193A32276C3700079251C /* FspSettingViewController.swift */,
			);
			path = setting;
			sourceTree = "<group>";
		};
		49A193A42276C3700079251C /* meetingVC */ = {
			isa = PBXGroup;
			children = (
				4953BA3622F91E810013AE85 /* FspAttendeeUsrInfo.swift */,
				4953BA3C22F91E810013AE85 /* FspCollectionViewCell.swift */,
				4953BA3722F91E810013AE85 /* FspCollectionViewCell.xib */,
				4953BA3422F91E810013AE85 /* FspCpuMonitor.h */,
				4953BA3D22F91E810013AE85 /* FspCpuMonitor.m */,
				4953BA3322F91E800013AE85 /* FspMeetingViewController.swift */,
				4953BA3522F91E810013AE85 /* FspMeetingViewController.xib */,
				4953BA3A22F91E810013AE85 /* FspMsgCell.swift */,
				4953BA3822F91E810013AE85 /* FspSystemMsgVC.swift */,
				4953BA3E22F91E810013AE85 /* FspSystemMsgVC.xib */,
				4953BA3922F91E810013AE85 /* FspSysTemTableViewCell.swift */,
				4953BA3B22F91E810013AE85 /* FspSysTemTableViewCell.xib */,
				4953BA3F22F91E810013AE85 /* moreView.swift */,
				49AA364122FBF3780014C42B /* share */,
				4931FC8B229E5D1E00AA162C /* attendeeList */,
			);
			path = meetingVC;
			sourceTree = "<group>";
		};
		49A193E62276C84B0079251C /* MBProgressHUD */ = {
			isa = PBXGroup;
			children = (
				49A193E72276C84B0079251C /* MBProgressHUD.m */,
				49A193E82276C84B0079251C /* MBProgressHUD.h */,
			);
			path = MBProgressHUD;
			sourceTree = "<group>";
		};
		49AA363E22FBF33F0014C42B /* screenShare */ = {
			isa = PBXGroup;
			children = (
			);
			path = screenShare;
			sourceTree = "<group>";
		};
		49AA363F22FBF34D0014C42B /* fileShare */ = {
			isa = PBXGroup;
			children = (
			);
			path = fileShare;
			sourceTree = "<group>";
		};
		49AA364022FBF3680014C42B /* whiteBoardShare */ = {
			isa = PBXGroup;
			children = (
			);
			path = whiteBoardShare;
			sourceTree = "<group>";
		};
		49AA364122FBF3780014C42B /* share */ = {
			isa = PBXGroup;
			children = (
				49AA364222FBF3C30014C42B /* shareMoreView.swift */,
				49AA364022FBF3680014C42B /* whiteBoardShare */,
				49AA363F22FBF34D0014C42B /* fileShare */,
				49AA363E22FBF33F0014C42B /* screenShare */,
			);
			path = share;
			sourceTree = "<group>";
		};
		84A584DF20861D2000B75AF8 = {
			isa = PBXGroup;
			children = (
				84A5806722E9423400A4C0A4 /* FspKit.framework */,
				49A1935E2276C3700079251C /* MeetingDemo */,
				84A584E920861D2000B75AF8 /* Products */,
				CC5C76B120888E9A00A734EC /* Frameworks */,
			);
			sourceTree = "<group>";
		};
		84A584E920861D2000B75AF8 /* Products */ = {
			isa = PBXGroup;
			children = (
				84A584E820861D2000B75AF8 /* MeetingDemo.app */,
			);
			name = Products;
			sourceTree = "<group>";
		};
		CC5C76B120888E9A00A734EC /* Frameworks */ = {
			isa = PBXGroup;
			children = (
				84A5806522E9421100A4C0A4 /* FspKit.framework */,
				49468BCD22CCC7EF004C7454 /* libc++.tbd */,
				49A193E32276C7F00079251C /* FspKit.framework */,
				843F336A21CA6DCE00CCD1D8 /* VideoToolbox.framework */,
				CC70DD3A2089EA1D00F9FC3A /* ReactiveObjC.framework */,
				CC70DD13208990B900F9FC3A /* MediaToolbox.framework */,
				CC70DD11208990AF00F9FC3A /* CoreAudio.framework */,
				CC5C76F92088B67600A734EC /* libiconv.tbd */,
				CC5C76BC20888EE200A734EC /* libz.tbd */,
				CC5C76B820888ECD00A734EC /* AudioToolbox.framework */,
				CC5C76B620888EC300A734EC /* CoreMedia.framework */,
				CC5C76B420888EB500A734EC /* AVFoundation.framework */,
			);
			name = Frameworks;
			sourceTree = "<group>";
		};
/* End PBXGroup section */

/* Begin PBXNativeTarget section */
		84A584E720861D2000B75AF8 /* MeetingDemo */ = {
			isa = PBXNativeTarget;
			buildConfigurationList = 84A584FE20861D2000B75AF8 /* Build configuration list for PBXNativeTarget "MeetingDemo" */;
			buildPhases = (
				84A584E420861D2000B75AF8 /* Sources */,
				84A584E520861D2000B75AF8 /* Frameworks */,
				84A584E620861D2000B75AF8 /* Resources */,
				CC70DD352089E96700F9FC3A /* Embed Frameworks */,
			);
			buildRules = (
			);
			dependencies = (
			);
			name = MeetingDemo;
			productName = MeetingDemo;
			productReference = 84A584E820861D2000B75AF8 /* MeetingDemo.app */;
			productType = "com.apple.product-type.application";
		};
/* End PBXNativeTarget section */

/* Begin PBXProject section */
		84A584E020861D2000B75AF8 /* Project object */ = {
			isa = PBXProject;
			attributes = {
				LastUpgradeCheck = 0910;
				ORGANIZATIONNAME = hst;
				TargetAttributes = {
					84A584E720861D2000B75AF8 = {
						CreatedOnToolsVersion = 9.1;
						ProvisioningStyle = Automatic;
					};
				};
			};
			buildConfigurationList = 84A584E320861D2000B75AF8 /* Build configuration list for PBXProject "MeetingDemo" */;
			compatibilityVersion = "Xcode 8.0";
			developmentRegion = en;
			hasScannedForEncodings = 0;
			knownRegions = (
				en,
				Base,
			);
			mainGroup = 84A584DF20861D2000B75AF8;
			productRefGroup = 84A584E920861D2000B75AF8 /* Products */;
			projectDirPath = "";
			projectRoot = "";
			targets = (
				84A584E720861D2000B75AF8 /* MeetingDemo */,
			);
		};
/* End PBXProject section */

/* Begin PBXResourcesBuildPhase section */
		84A584E620861D2000B75AF8 /* Resources */ = {
			isa = PBXResourcesBuildPhase;
			buildActionMask = 2147483647;
			files = (
				49A193B62276C3700079251C /* FspListViewController.xib in Resources */,
				4953BA4A22F91E810013AE85 /* FspSystemMsgVC.xib in Resources */,
				49A193B82276C3700079251C /* FspLoginViewController.xib in Resources */,
				49A193B92276C3700079251C /* Assets.xcassets in Resources */,
				49A193CE2276C3700079251C /* FspSettingViewController.xib in Resources */,
				4953BA4322F91E810013AE85 /* FspCollectionViewCell.xib in Resources */,
				49A193C92276C3700079251C /* FspInviteViewController.xib in Resources */,
				49A193C62276C3700079251C /* LaunchScreen.storyboard in Resources */,
				49A193CC2276C3700079251C /* FspMeetingSettingViewController.xib in Resources */,
				4953BA4122F91E810013AE85 /* FspMeetingViewController.xib in Resources */,
				4931FC8F229E5D7900AA162C /* FspAttendeeCell.xib in Resources */,
				497D909E2296964200F7B39F /* FspChooseTableViewCell.xib in Resources */,
				497D909A229694AF00F7B39F /* FspChooseView.xib in Resources */,
				4953BA4722F91E810013AE85 /* FspSysTemTableViewCell.xib in Resources */,
				4931FC96229F71A200AA162C /* FspMsgChooseSendCell.xib in Resources */,
				49A193B42276C3700079251C /* FspListTableViewCell.xib in Resources */,
			);
			runOnlyForDeploymentPostprocessing = 0;
		};
/* End PBXResourcesBuildPhase section */

/* Begin PBXSourcesBuildPhase section */
		84A584E420861D2000B75AF8 /* Sources */ = {
			isa = PBXSourcesBuildPhase;
			buildActionMask = 2147483647;
			files = (
				49A193BA2276C3700079251C /* NSLayoutConstraint+MASDebugAdditions.m in Sources */,
				49A193B72276C3700079251C /* FspLoginViewController.swift in Sources */,
				49A193C12276C3700079251C /* MASConstraint.m in Sources */,
				49A193E92276C84B0079251C /* MBProgressHUD.m in Sources */,
				4953BA4E22F91ED30013AE85 /* Reachability.m in Sources */,
				49A193CF2276C3700079251C /* FspSettingViewController.swift in Sources */,
				490ECA4B2297A513008442E4 /* NSMutableAttributedString+FspImageAttributeStr.m in Sources */,
				49AA364322FBF3C30014C42B /* shareMoreView.swift in Sources */,
				490ECA482297A50A008442E4 /* FspEmojiTextAttachment.m in Sources */,
				49A193C22276C3700079251C /* MASViewConstraint.m in Sources */,
				4953BA4B22F91E810013AE85 /* moreView.swift in Sources */,
				49A193BB2276C3700079251C /* ViewController+MASAdditions.m in Sources */,
				4953BA4422F91E810013AE85 /* FspSystemMsgVC.swift in Sources */,
				49A193C32276C3700079251C /* MASViewAttribute.m in Sources */,
				4931FC8E229E5D7900AA162C /* FspAttendeeCell.swift in Sources */,
				497D90962296943A00F7B39F /* FspChooseView.swift in Sources */,
				49A193AE2276C3700079251C /* FspToolViewController.swift in Sources */,
				49A193C82276C3700079251C /* FspInviteViewController.swift in Sources */,
				4931FC98229F833400AA162C /* FspAllChooseModel.swift in Sources */,
				4953BA4522F91E810013AE85 /* FspSysTemTableViewCell.swift in Sources */,
				49A193BC2276C3700079251C /* MASCompositeConstraint.m in Sources */,
				4931FC9A229F834500AA162C /* FspChooseModel.swift in Sources */,
				49A193C02276C3700079251C /* View+MASAdditions.m in Sources */,
				4953BA4022F91E810013AE85 /* FspMeetingViewController.swift in Sources */,
				4953BA4222F91E810013AE85 /* FspAttendeeUsrInfo.swift in Sources */,
				49A193C72276C3700079251C /* FspButton.swift in Sources */,
				4953BA4622F91E810013AE85 /* FspMsgCell.swift in Sources */,
				49A193B12276C3700079251C /* FspTools.swift in Sources */,
				4931FC95229F71A200AA162C /* FspMsgChooseSendCell.swift in Sources */,
				49A193B32276C3700079251C /* FspListViewController.swift in Sources */,
				4953BA4822F91E810013AE85 /* FspCollectionViewCell.swift in Sources */,
				49E54FE72293D7C600185D70 /* FspChooseSendMsgBtn.swift in Sources */,
				4931FC92229E7A6300AA162C /* FspAttendeeModel.swift in Sources */,
				49A193BE2276C3700079251C /* MASLayoutConstraint.m in Sources */,
				49A193BD2276C3700079251C /* MASConstraintMaker.m in Sources */,
				49A193AC2276C3700079251C /* aes.cpp in Sources */,
				49A193B02276C3700079251C /* DXPopover.m in Sources */,
				49A193CB2276C3700079251C /* FspMeetingSettingViewController.swift in Sources */,
				4953BA4922F91E810013AE85 /* FspCpuMonitor.m in Sources */,
				49A193C52276C3700079251C /* FspMessageModel.swift in Sources */,
				49A193B52276C3700079251C /* FspListTableViewCell.swift in Sources */,
				497D909D2296964200F7B39F /* FspChooseTableViewCell.swift in Sources */,
				49A193BF2276C3700079251C /* NSArray+MASAdditions.m in Sources */,
				49A193CD2276C3700079251C /* AppDelegate.swift in Sources */,
				4931FC9C229F843C00AA162C /* FspMsgSendModel.swift in Sources */,
				49A193C42276C3700079251C /* FspManager.swift in Sources */,
				49E54FE92293DDAA00185D70 /* FspInputMsgTextView.swift in Sources */,
				49A193AD2276C3700079251C /* FspTokenFile.mm in Sources */,
				49A193B22276C3700079251C /* FspNavViewController.swift in Sources */,
				49A193AF2276C3700079251C /* HHShowView.m in Sources */,
				49A193CA2276C3700079251C /* FspSeetingsModel.swift in Sources */,
			);
			runOnlyForDeploymentPostprocessing = 0;
		};
/* End PBXSourcesBuildPhase section */

/* Begin PBXVariantGroup section */
		49A193962276C3700079251C /* LaunchScreen.storyboard */ = {
			isa = PBXVariantGroup;
			children = (
				49A193972276C3700079251C /* Base */,
			);
			name = LaunchScreen.storyboard;
			sourceTree = "<group>";
		};
/* End PBXVariantGroup section */

/* Begin XCBuildConfiguration section */
		84A584FC20861D2000B75AF8 /* Debug */ = {
			isa = XCBuildConfiguration;
			buildSettings = {
				ALWAYS_SEARCH_USER_PATHS = NO;
				CLANG_ANALYZER_NONNULL = YES;
				CLANG_ANALYZER_NUMBER_OBJECT_CONVERSION = YES_AGGRESSIVE;
				CLANG_CXX_LANGUAGE_STANDARD = "gnu++14";
				CLANG_CXX_LIBRARY = "libc++";
				CLANG_ENABLE_MODULES = YES;
				CLANG_ENABLE_OBJC_ARC = YES;
				CLANG_WARN_BLOCK_CAPTURE_AUTORELEASING = YES;
				CLANG_WARN_BOOL_CONVERSION = YES;
				CLANG_WARN_COMMA = YES;
				CLANG_WARN_CONSTANT_CONVERSION = YES;
				CLANG_WARN_DIRECT_OBJC_ISA_USAGE = YES_ERROR;
				CLANG_WARN_DOCUMENTATION_COMMENTS = YES;
				CLANG_WARN_EMPTY_BODY = YES;
				CLANG_WARN_ENUM_CONVERSION = YES;
				CLANG_WARN_INFINITE_RECURSION = YES;
				CLANG_WARN_INT_CONVERSION = YES;
				CLANG_WARN_NON_LITERAL_NULL_CONVERSION = YES;
				CLANG_WARN_OBJC_LITERAL_CONVERSION = YES;
				CLANG_WARN_OBJC_ROOT_CLASS = YES_ERROR;
				CLANG_WARN_RANGE_LOOP_ANALYSIS = YES;
				CLANG_WARN_STRICT_PROTOTYPES = YES;
				CLANG_WARN_SUSPICIOUS_MOVE = YES;
				CLANG_WARN_UNGUARDED_AVAILABILITY = YES_AGGRESSIVE;
				CLANG_WARN_UNREACHABLE_CODE = YES;
				CLANG_WARN__DUPLICATE_METHOD_MATCH = YES;
				CODE_SIGN_IDENTITY = "iPhone Developer";
				COPY_PHASE_STRIP = NO;
				DEBUG_INFORMATION_FORMAT = "dwarf-with-dsym";
				ENABLE_STRICT_OBJC_MSGSEND = YES;
				ENABLE_TESTABILITY = YES;
				GCC_C_LANGUAGE_STANDARD = gnu11;
				GCC_DYNAMIC_NO_PIC = NO;
				GCC_NO_COMMON_BLOCKS = YES;
				GCC_OPTIMIZATION_LEVEL = 0;
				GCC_PREPROCESSOR_DEFINITIONS = (
					"DEBUG=1",
					"$(inherited)",
				);
				GCC_WARN_64_TO_32_BIT_CONVERSION = YES;
				GCC_WARN_ABOUT_RETURN_TYPE = YES_ERROR;
				GCC_WARN_UNDECLARED_SELECTOR = YES;
				GCC_WARN_UNINITIALIZED_AUTOS = YES_AGGRESSIVE;
				GCC_WARN_UNUSED_FUNCTION = YES;
				GCC_WARN_UNUSED_VARIABLE = YES;
				IPHONEOS_DEPLOYMENT_TARGET = 10.0;
				MTL_ENABLE_DEBUG_INFO = YES;
				ONLY_ACTIVE_ARCH = YES;
				RESOURCES_TARGETED_DEVICE_FAMILY = "";
				SDKROOT = iphoneos;
				TARGETED_DEVICE_FAMILY = "1,2";
				VALID_ARCHS = arm64;
			};
			name = Debug;
		};
		84A584FD20861D2000B75AF8 /* Release */ = {
			isa = XCBuildConfiguration;
			buildSettings = {
				ALWAYS_SEARCH_USER_PATHS = NO;
				CLANG_ANALYZER_NONNULL = YES;
				CLANG_ANALYZER_NUMBER_OBJECT_CONVERSION = YES_AGGRESSIVE;
				CLANG_CXX_LANGUAGE_STANDARD = "gnu++14";
				CLANG_CXX_LIBRARY = "libc++";
				CLANG_ENABLE_MODULES = YES;
				CLANG_ENABLE_OBJC_ARC = YES;
				CLANG_WARN_BLOCK_CAPTURE_AUTORELEASING = YES;
				CLANG_WARN_BOOL_CONVERSION = YES;
				CLANG_WARN_COMMA = YES;
				CLANG_WARN_CONSTANT_CONVERSION = YES;
				CLANG_WARN_DIRECT_OBJC_ISA_USAGE = YES_ERROR;
				CLANG_WARN_DOCUMENTATION_COMMENTS = YES;
				CLANG_WARN_EMPTY_BODY = YES;
				CLANG_WARN_ENUM_CONVERSION = YES;
				CLANG_WARN_INFINITE_RECURSION = YES;
				CLANG_WARN_INT_CONVERSION = YES;
				CLANG_WARN_NON_LITERAL_NULL_CONVERSION = YES;
				CLANG_WARN_OBJC_LITERAL_CONVERSION = YES;
				CLANG_WARN_OBJC_ROOT_CLASS = YES_ERROR;
				CLANG_WARN_RANGE_LOOP_ANALYSIS = YES;
				CLANG_WARN_STRICT_PROTOTYPES = YES;
				CLANG_WARN_SUSPICIOUS_MOVE = YES;
				CLANG_WARN_UNGUARDED_AVAILABILITY = YES_AGGRESSIVE;
				CLANG_WARN_UNREACHABLE_CODE = YES;
				CLANG_WARN__DUPLICATE_METHOD_MATCH = YES;
				CODE_SIGN_IDENTITY = "iPhone Developer";
				COPY_PHASE_STRIP = NO;
				DEBUG_INFORMATION_FORMAT = dwarf;
				ENABLE_NS_ASSERTIONS = NO;
				ENABLE_STRICT_OBJC_MSGSEND = YES;
				GCC_C_LANGUAGE_STANDARD = gnu11;
				GCC_NO_COMMON_BLOCKS = YES;
				GCC_WARN_64_TO_32_BIT_CONVERSION = YES;
				GCC_WARN_ABOUT_RETURN_TYPE = YES_ERROR;
				GCC_WARN_UNDECLARED_SELECTOR = YES;
				GCC_WARN_UNINITIALIZED_AUTOS = YES_AGGRESSIVE;
				GCC_WARN_UNUSED_FUNCTION = YES;
				GCC_WARN_UNUSED_VARIABLE = YES;
				IPHONEOS_DEPLOYMENT_TARGET = 10.0;
				MTL_ENABLE_DEBUG_INFO = NO;
				RESOURCES_TARGETED_DEVICE_FAMILY = "";
				SDKROOT = iphoneos;
				TARGETED_DEVICE_FAMILY = "1,2";
				VALIDATE_PRODUCT = YES;
				VALID_ARCHS = arm64;
			};
			name = Release;
		};
		84A584FF20861D2000B75AF8 /* Debug */ = {
			isa = XCBuildConfiguration;
			buildSettings = {
				ALWAYS_SEARCH_USER_PATHS = YES;
				ASSETCATALOG_COMPILER_APPICON_NAME = AppIcon;
				CODE_SIGN_IDENTITY = "iPhone Developer";
				"CODE_SIGN_IDENTITY[sdk=iphoneos*]" = "iPhone Developer";
				CODE_SIGN_STYLE = Automatic;
				DEVELOPMENT_TEAM = 3Q45W4GD72;
				ENABLE_BITCODE = NO;
				ENABLE_TESTABILITY = YES;
				FRAMEWORK_SEARCH_PATHS = (
					"$(PROJECT_DIR)/SDK",
					"$(PROJECT_DIR)/Carthage/Build/iOS",
					"$(PROJECT_DIR)",
				);
				GCC_PREPROCESSOR_DEFINITIONS = (
					"DEBUG=1",
					"$(inherited)",
					_DEBUG,
				);
				INFOPLIST_FILE = MeetingDemo/Info.plist;
				IPHONEOS_DEPLOYMENT_TARGET = 9.0;
				LD_RUNPATH_SEARCH_PATHS = "$(inherited) @executable_path/Frameworks";
				OTHER_CFLAGS = "";
				OTHER_SWIFT_FLAGS = "-D DEBUG";
				PRODUCT_BUNDLE_IDENTIFIER = com.hst.paas.meetingdemo;
				PRODUCT_NAME = "$(TARGET_NAME)";
				PROVISIONING_PROFILE = "";
				PROVISIONING_PROFILE_SPECIFIER = "";
				SWIFT_OBJC_BRIDGING_HEADER = "MeetingDemo/MeetingDemo-Bridging-Header.h";
				SWIFT_VERSION = 4.2;
				TARGETED_DEVICE_FAMILY = "1,2";
				VALID_ARCHS = arm64;
			};
			name = Debug;
		};
		84A5850020861D2000B75AF8 /* Release */ = {
			isa = XCBuildConfiguration;
			buildSettings = {
				ALWAYS_SEARCH_USER_PATHS = YES;
				ASSETCATALOG_COMPILER_APPICON_NAME = AppIcon;
				CODE_SIGN_IDENTITY = "iPhone Developer";
				"CODE_SIGN_IDENTITY[sdk=iphoneos*]" = "iPhone Developer";
				CODE_SIGN_STYLE = Automatic;
				DEVELOPMENT_TEAM = 3Q45W4GD72;
				ENABLE_BITCODE = NO;
				FRAMEWORK_SEARCH_PATHS = (
					"$(PROJECT_DIR)/SDK",
					"$(PROJECT_DIR)/Carthage/Build/iOS",
					"$(PROJECT_DIR)",
				);
				INFOPLIST_FILE = MeetingDemo/Info.plist;
				IPHONEOS_DEPLOYMENT_TARGET = 9.0;
				LD_RUNPATH_SEARCH_PATHS = "$(inherited) @executable_path/Frameworks";
				OTHER_CFLAGS = "";
				PRODUCT_BUNDLE_IDENTIFIER = com.hst.paas.meetingdemo;
				PRODUCT_NAME = "$(TARGET_NAME)";
				PROVISIONING_PROFILE_SPECIFIER = "";
				SWIFT_OBJC_BRIDGING_HEADER = "MeetingDemo/MeetingDemo-Bridging-Header.h";
				SWIFT_VERSION = 4.2;
				TARGETED_DEVICE_FAMILY = "1,2";
				VALID_ARCHS = arm64;
			};
			name = Release;
		};
/* End XCBuildConfiguration section */

/* Begin XCConfigurationList section */
		84A584E320861D2000B75AF8 /* Build configuration list for PBXProject "MeetingDemo" */ = {
			isa = XCConfigurationList;
			buildConfigurations = (
				84A584FC20861D2000B75AF8 /* Debug */,
				84A584FD20861D2000B75AF8 /* Release */,
			);
			defaultConfigurationIsVisible = 0;
			defaultConfigurationName = Release;
		};
		84A584FE20861D2000B75AF8 /* Build configuration list for PBXNativeTarget "MeetingDemo" */ = {
			isa = XCConfigurationList;
			buildConfigurations = (
				84A584FF20861D2000B75AF8 /* Debug */,
				84A5850020861D2000B75AF8 /* Release */,
			);
			defaultConfigurationIsVisible = 0;
			defaultConfigurationName = Release;
		};
/* End XCConfigurationList section */
	};
	rootObject = 84A584E020861D2000B75AF8 /* Project object */;
}
