// !$*UTF8*$!
{
	archiveVersion = 1;
	classes = {
	};
	objectVersion = 48;
	objects = {

/* Begin PBXBuildFile section */
		8440331920EE1E24007620BD /* FspKit.framework in Frameworks */ = {isa = PBXBuildFile; fileRef = 8440331820EE1E24007620BD /* FspKit.framework */; };
		84A584ED20861D2000B75AF8 /* AppDelegate.m in Sources */ = {isa = PBXBuildFile; fileRef = 84A584EC20861D2000B75AF8 /* AppDelegate.m */; };
		84A584F520861D2000B75AF8 /* Assets.xcassets in Resources */ = {isa = PBXBuildFile; fileRef = 84A584F420861D2000B75AF8 /* Assets.xcassets */; };
		84A584F820861D2000B75AF8 /* LaunchScreen.storyboard in Resources */ = {isa = PBXBuildFile; fileRef = 84A584F620861D2000B75AF8 /* LaunchScreen.storyboard */; };
		84A584FB20861D2000B75AF8 /* main.m in Sources */ = {isa = PBXBuildFile; fileRef = 84A584FA20861D2000B75AF8 /* main.m */; };
		84ACEE6520E0EE8100B43AF0 /* aes.cpp in Sources */ = {isa = PBXBuildFile; fileRef = 84ACEE3B20E0EE8100B43AF0 /* aes.cpp */; };
		84DF7C7C20D3D2F7007BAB47 /* ReactiveObjC.framework in Embed Frameworks */ = {isa = PBXBuildFile; fileRef = CC70DD3A2089EA1D00F9FC3A /* ReactiveObjC.framework */; settings = {ATTRIBUTES = (CodeSignOnCopy, RemoveHeadersOnCopy, ); }; };
		CC5C76662088328900A734EC /* LoginViewController.m in Sources */ = {isa = PBXBuildFile; fileRef = CC5C76652088328900A734EC /* LoginViewController.m */; };
		CC5C7670208845E500A734EC /* Login.storyboard in Resources */ = {isa = PBXBuildFile; fileRef = CC5C766F208845E500A734EC /* Login.storyboard */; };
		CC5C7686208875BD00A734EC /* VideoCollectionViewCell.m in Sources */ = {isa = PBXBuildFile; fileRef = CC5C7684208875BD00A734EC /* VideoCollectionViewCell.m */; };
		CC5C7687208875BD00A734EC /* VideoCollectionViewCell.xib in Resources */ = {isa = PBXBuildFile; fileRef = CC5C7685208875BD00A734EC /* VideoCollectionViewCell.xib */; };
		CC5C76962088803700A734EC /* MainViewController.m in Sources */ = {isa = PBXBuildFile; fileRef = CC5C76942088803700A734EC /* MainViewController.m */; };
		CC5C76972088803700A734EC /* MainViewController.xib in Resources */ = {isa = PBXBuildFile; fileRef = CC5C76952088803700A734EC /* MainViewController.xib */; };
		CC5C769E2088845000A734EC /* VideoHorizontalFlowLayout.m in Sources */ = {isa = PBXBuildFile; fileRef = CC5C769D2088845000A734EC /* VideoHorizontalFlowLayout.m */; };
		CC5C76A620888CD000A734EC /* SettingsViewController.m in Sources */ = {isa = PBXBuildFile; fileRef = CC5C76A520888CD000A734EC /* SettingsViewController.m */; };
		CC5C76A820888CE600A734EC /* Settings.storyboard in Resources */ = {isa = PBXBuildFile; fileRef = CC5C76A720888CE600A734EC /* Settings.storyboard */; };
		CC5C76B520888EB500A734EC /* AVFoundation.framework in Frameworks */ = {isa = PBXBuildFile; fileRef = CC5C76B420888EB500A734EC /* AVFoundation.framework */; };
		CC5C76B720888EC300A734EC /* CoreMedia.framework in Frameworks */ = {isa = PBXBuildFile; fileRef = CC5C76B620888EC300A734EC /* CoreMedia.framework */; };
		CC5C76B920888ECD00A734EC /* AudioToolbox.framework in Frameworks */ = {isa = PBXBuildFile; fileRef = CC5C76B820888ECD00A734EC /* AudioToolbox.framework */; };
		CC5C76BB20888EDA00A734EC /* libstdc++.tbd in Frameworks */ = {isa = PBXBuildFile; fileRef = CC5C76BA20888EDA00A734EC /* libstdc++.tbd */; };
		CC5C76BD20888EE200A734EC /* libz.tbd in Frameworks */ = {isa = PBXBuildFile; fileRef = CC5C76BC20888EE200A734EC /* libz.tbd */; };
		CC5C76FA2088B67600A734EC /* libiconv.tbd in Frameworks */ = {isa = PBXBuildFile; fileRef = CC5C76F92088B67600A734EC /* libiconv.tbd */; };
		CC5C76FD2088B6F600A734EC /* FspManager.mm in Sources */ = {isa = PBXBuildFile; fileRef = CC5C76FC2088B6F600A734EC /* FspManager.mm */; };
		CC5C77042088BF4A00A734EC /* CustomTextField.m in Sources */ = {isa = PBXBuildFile; fileRef = CC5C77032088BF4A00A734EC /* CustomTextField.m */; };
		CC70DD0E208988C900F9FC3A /* BaseNavigationViewController.m in Sources */ = {isa = PBXBuildFile; fileRef = CC70DD0D208988C900F9FC3A /* BaseNavigationViewController.m */; };
		CC70DD12208990B000F9FC3A /* CoreAudio.framework in Frameworks */ = {isa = PBXBuildFile; fileRef = CC70DD11208990AF00F9FC3A /* CoreAudio.framework */; };
		CC70DD14208990B900F9FC3A /* MediaToolbox.framework in Frameworks */ = {isa = PBXBuildFile; fileRef = CC70DD13208990B900F9FC3A /* MediaToolbox.framework */; settings = {ATTRIBUTES = (Required, ); }; };
		CC70DD232089D48800F9FC3A /* FspMgrDataType.m in Sources */ = {isa = PBXBuildFile; fileRef = CC70DD222089D48800F9FC3A /* FspMgrDataType.m */; };
		CC70DD3B2089EA1E00F9FC3A /* ReactiveObjC.framework in Frameworks */ = {isa = PBXBuildFile; fileRef = CC70DD3A2089EA1D00F9FC3A /* ReactiveObjC.framework */; };
		CCBCE9AE208B2CDB002519F3 /* SettingsTextCell.m in Sources */ = {isa = PBXBuildFile; fileRef = CCBCE9AC208B2CDB002519F3 /* SettingsTextCell.m */; };
		CCBCE9AF208B2CDB002519F3 /* SettingsTextCell.xib in Resources */ = {isa = PBXBuildFile; fileRef = CCBCE9AD208B2CDB002519F3 /* SettingsTextCell.xib */; };
		CCBCE9B3208B2CEE002519F3 /* SettingsSliderCell.m in Sources */ = {isa = PBXBuildFile; fileRef = CCBCE9B1208B2CEE002519F3 /* SettingsSliderCell.m */; };
		CCBCE9B4208B2CEE002519F3 /* SettingsSliderCell.xib in Resources */ = {isa = PBXBuildFile; fileRef = CCBCE9B2208B2CEE002519F3 /* SettingsSliderCell.xib */; };
		CCBCE9B8208B2D03002519F3 /* SettingsButtonCell.m in Sources */ = {isa = PBXBuildFile; fileRef = CCBCE9B6208B2D03002519F3 /* SettingsButtonCell.m */; };
		CCBCE9B9208B2D03002519F3 /* SettingsButtonCell.xib in Resources */ = {isa = PBXBuildFile; fileRef = CCBCE9B7208B2D03002519F3 /* SettingsButtonCell.xib */; };
		CCBCE9C9208B2E03002519F3 /* SettingsStateCell.m in Sources */ = {isa = PBXBuildFile; fileRef = CCBCE9C7208B2E03002519F3 /* SettingsStateCell.m */; };
		CCBCE9CA208B2E03002519F3 /* SettingsStateCell.xib in Resources */ = {isa = PBXBuildFile; fileRef = CCBCE9C8208B2E03002519F3 /* SettingsStateCell.xib */; };
		CCBCE9CE208B2E0F002519F3 /* SettingsVideoCell.m in Sources */ = {isa = PBXBuildFile; fileRef = CCBCE9CC208B2E0F002519F3 /* SettingsVideoCell.m */; };
		CCBCE9CF208B2E0F002519F3 /* SettingsVideoCell.xib in Resources */ = {isa = PBXBuildFile; fileRef = CCBCE9CD208B2E0F002519F3 /* SettingsVideoCell.xib */; };
		CCBCE9D7208B4A5F002519F3 /* UIView+Hierarchy.m in Sources */ = {isa = PBXBuildFile; fileRef = CCBCE9D6208B4A5F002519F3 /* UIView+Hierarchy.m */; };
/* End PBXBuildFile section */

/* Begin PBXCopyFilesBuildPhase section */
		8460D89220CA5C4D003C06C5 /* CopyFiles */ = {
			isa = PBXCopyFilesBuildPhase;
			buildActionMask = 2147483647;
			dstPath = "${PROJECT_DIR}../../../output/demos/ios";
			dstSubfolderSpec = 0;
			files = (
			);
			runOnlyForDeploymentPostprocessing = 0;
		};
		CC70DD352089E96700F9FC3A /* Embed Frameworks */ = {
			isa = PBXCopyFilesBuildPhase;
			buildActionMask = 2147483647;
			dstPath = "";
			dstSubfolderSpec = 10;
			files = (
				84DF7C7C20D3D2F7007BAB47 /* ReactiveObjC.framework in Embed Frameworks */,
			);
			name = "Embed Frameworks";
			runOnlyForDeploymentPostprocessing = 0;
		};
/* End PBXCopyFilesBuildPhase section */

/* Begin PBXFileReference section */
		8440331820EE1E24007620BD /* FspKit.framework */ = {isa = PBXFileReference; lastKnownFileType = wrapper.framework; path = FspKit.framework; sourceTree = "<group>"; };
		84A584E820861D2000B75AF8 /* MeetingDemo.app */ = {isa = PBXFileReference; explicitFileType = wrapper.application; includeInIndex = 0; path = MeetingDemo.app; sourceTree = BUILT_PRODUCTS_DIR; };
		84A584EB20861D2000B75AF8 /* AppDelegate.h */ = {isa = PBXFileReference; lastKnownFileType = sourcecode.c.h; path = AppDelegate.h; sourceTree = "<group>"; };
		84A584EC20861D2000B75AF8 /* AppDelegate.m */ = {isa = PBXFileReference; lastKnownFileType = sourcecode.c.objc; path = AppDelegate.m; sourceTree = "<group>"; };
		84A584F420861D2000B75AF8 /* Assets.xcassets */ = {isa = PBXFileReference; lastKnownFileType = folder.assetcatalog; path = Assets.xcassets; sourceTree = "<group>"; };
		84A584F720861D2000B75AF8 /* Base */ = {isa = PBXFileReference; lastKnownFileType = file.storyboard; name = Base; path = Base.lproj/LaunchScreen.storyboard; sourceTree = "<group>"; };
		84A584F920861D2000B75AF8 /* Info.plist */ = {isa = PBXFileReference; lastKnownFileType = text.plist.xml; path = Info.plist; sourceTree = "<group>"; };
		84A584FA20861D2000B75AF8 /* main.m */ = {isa = PBXFileReference; lastKnownFileType = sourcecode.c.objc; path = main.m; sourceTree = "<group>"; };
		84ACEE3920E0EE8000B43AF0 /* fsp_tools.h */ = {isa = PBXFileReference; fileEncoding = 4; lastKnownFileType = sourcecode.c.h; name = fsp_tools.h; path = Token/fsp_tools.h; sourceTree = "<group>"; };
		84ACEE3A20E0EE8100B43AF0 /* aes.h */ = {isa = PBXFileReference; fileEncoding = 4; lastKnownFileType = sourcecode.c.h; name = aes.h; path = Token/aes.h; sourceTree = "<group>"; };
		84ACEE3B20E0EE8100B43AF0 /* aes.cpp */ = {isa = PBXFileReference; fileEncoding = 4; lastKnownFileType = sourcecode.cpp.cpp; name = aes.cpp; path = Token/aes.cpp; sourceTree = "<group>"; };
		84ACEE3D20E0EE8100B43AF0 /* fwd.h */ = {isa = PBXFileReference; fileEncoding = 4; lastKnownFileType = sourcecode.c.h; path = fwd.h; sourceTree = "<group>"; };
		84ACEE3E20E0EE8100B43AF0 /* memorystream.h */ = {isa = PBXFileReference; fileEncoding = 4; lastKnownFileType = sourcecode.c.h; path = memorystream.h; sourceTree = "<group>"; };
		84ACEE3F20E0EE8100B43AF0 /* reader.h */ = {isa = PBXFileReference; fileEncoding = 4; lastKnownFileType = sourcecode.c.h; path = reader.h; sourceTree = "<group>"; };
		84ACEE4020E0EE8100B43AF0 /* prettywriter.h */ = {isa = PBXFileReference; fileEncoding = 4; lastKnownFileType = sourcecode.c.h; path = prettywriter.h; sourceTree = "<group>"; };
		84ACEE4120E0EE8100B43AF0 /* ostreamwrapper.h */ = {isa = PBXFileReference; fileEncoding = 4; lastKnownFileType = sourcecode.c.h; path = ostreamwrapper.h; sourceTree = "<group>"; };
		84ACEE4220E0EE8100B43AF0 /* encodedstream.h */ = {isa = PBXFileReference; fileEncoding = 4; lastKnownFileType = sourcecode.c.h; path = encodedstream.h; sourceTree = "<group>"; };
		84ACEE4320E0EE8100B43AF0 /* filereadstream.h */ = {isa = PBXFileReference; fileEncoding = 4; lastKnownFileType = sourcecode.c.h; path = filereadstream.h; sourceTree = "<group>"; };
		84ACEE4420E0EE8100B43AF0 /* cursorstreamwrapper.h */ = {isa = PBXFileReference; fileEncoding = 4; lastKnownFileType = sourcecode.c.h; path = cursorstreamwrapper.h; sourceTree = "<group>"; };
		84ACEE4520E0EE8100B43AF0 /* istreamwrapper.h */ = {isa = PBXFileReference; fileEncoding = 4; lastKnownFileType = sourcecode.c.h; path = istreamwrapper.h; sourceTree = "<group>"; };
		84ACEE4620E0EE8100B43AF0 /* stringbuffer.h */ = {isa = PBXFileReference; fileEncoding = 4; lastKnownFileType = sourcecode.c.h; path = stringbuffer.h; sourceTree = "<group>"; };
		84ACEE4820E0EE8100B43AF0 /* ieee754.h */ = {isa = PBXFileReference; fileEncoding = 4; lastKnownFileType = sourcecode.c.h; path = ieee754.h; sourceTree = "<group>"; };
		84ACEE4920E0EE8100B43AF0 /* strtod.h */ = {isa = PBXFileReference; fileEncoding = 4; lastKnownFileType = sourcecode.c.h; path = strtod.h; sourceTree = "<group>"; };
		84ACEE4A20E0EE8100B43AF0 /* swap.h */ = {isa = PBXFileReference; fileEncoding = 4; lastKnownFileType = sourcecode.c.h; path = swap.h; sourceTree = "<group>"; };
		84ACEE4B20E0EE8100B43AF0 /* regex.h */ = {isa = PBXFileReference; fileEncoding = 4; lastKnownFileType = sourcecode.c.h; path = regex.h; sourceTree = "<group>"; };
		84ACEE4C20E0EE8100B43AF0 /* diyfp.h */ = {isa = PBXFileReference; fileEncoding = 4; lastKnownFileType = sourcecode.c.h; path = diyfp.h; sourceTree = "<group>"; };
		84ACEE4D20E0EE8100B43AF0 /* biginteger.h */ = {isa = PBXFileReference; fileEncoding = 4; lastKnownFileType = sourcecode.c.h; path = biginteger.h; sourceTree = "<group>"; };
		84ACEE4E20E0EE8100B43AF0 /* strfunc.h */ = {isa = PBXFileReference; fileEncoding = 4; lastKnownFileType = sourcecode.c.h; path = strfunc.h; sourceTree = "<group>"; };
		84ACEE4F20E0EE8100B43AF0 /* itoa.h */ = {isa = PBXFileReference; fileEncoding = 4; lastKnownFileType = sourcecode.c.h; path = itoa.h; sourceTree = "<group>"; };
		84ACEE5020E0EE8100B43AF0 /* stack.h */ = {isa = PBXFileReference; fileEncoding = 4; lastKnownFileType = sourcecode.c.h; path = stack.h; sourceTree = "<group>"; };
		84ACEE5120E0EE8100B43AF0 /* dtoa.h */ = {isa = PBXFileReference; fileEncoding = 4; lastKnownFileType = sourcecode.c.h; path = dtoa.h; sourceTree = "<group>"; };
		84ACEE5220E0EE8100B43AF0 /* meta.h */ = {isa = PBXFileReference; fileEncoding = 4; lastKnownFileType = sourcecode.c.h; path = meta.h; sourceTree = "<group>"; };
		84ACEE5320E0EE8100B43AF0 /* pow10.h */ = {isa = PBXFileReference; fileEncoding = 4; lastKnownFileType = sourcecode.c.h; path = pow10.h; sourceTree = "<group>"; };
		84ACEE5420E0EE8100B43AF0 /* encodings.h */ = {isa = PBXFileReference; fileEncoding = 4; lastKnownFileType = sourcecode.c.h; path = encodings.h; sourceTree = "<group>"; };
		84ACEE5520E0EE8100B43AF0 /* schema.h */ = {isa = PBXFileReference; fileEncoding = 4; lastKnownFileType = sourcecode.c.h; path = schema.h; sourceTree = "<group>"; };
		84ACEE5620E0EE8100B43AF0 /* stream.h */ = {isa = PBXFileReference; fileEncoding = 4; lastKnownFileType = sourcecode.c.h; path = stream.h; sourceTree = "<group>"; };
		84ACEE5720E0EE8100B43AF0 /* filewritestream.h */ = {isa = PBXFileReference; fileEncoding = 4; lastKnownFileType = sourcecode.c.h; path = filewritestream.h; sourceTree = "<group>"; };
		84ACEE5820E0EE8100B43AF0 /* rapidjson.h */ = {isa = PBXFileReference; fileEncoding = 4; lastKnownFileType = sourcecode.c.h; path = rapidjson.h; sourceTree = "<group>"; };
		84ACEE5920E0EE8100B43AF0 /* document.h */ = {isa = PBXFileReference; fileEncoding = 4; lastKnownFileType = sourcecode.c.h; path = document.h; sourceTree = "<group>"; };
		84ACEE5A20E0EE8100B43AF0 /* allocators.h */ = {isa = PBXFileReference; fileEncoding = 4; lastKnownFileType = sourcecode.c.h; path = allocators.h; sourceTree = "<group>"; };
		84ACEE5B20E0EE8100B43AF0 /* writer.h */ = {isa = PBXFileReference; fileEncoding = 4; lastKnownFileType = sourcecode.c.h; path = writer.h; sourceTree = "<group>"; };
		84ACEE5D20E0EE8100B43AF0 /* error.h */ = {isa = PBXFileReference; fileEncoding = 4; lastKnownFileType = sourcecode.c.h; path = error.h; sourceTree = "<group>"; };
		84ACEE5E20E0EE8100B43AF0 /* en.h */ = {isa = PBXFileReference; fileEncoding = 4; lastKnownFileType = sourcecode.c.h; path = en.h; sourceTree = "<group>"; };
		84ACEE5F20E0EE8100B43AF0 /* memorybuffer.h */ = {isa = PBXFileReference; fileEncoding = 4; lastKnownFileType = sourcecode.c.h; path = memorybuffer.h; sourceTree = "<group>"; };
		84ACEE6020E0EE8100B43AF0 /* pointer.h */ = {isa = PBXFileReference; fileEncoding = 4; lastKnownFileType = sourcecode.c.h; path = pointer.h; sourceTree = "<group>"; };
		84ACEE6220E0EE8100B43AF0 /* inttypes.h */ = {isa = PBXFileReference; fileEncoding = 4; lastKnownFileType = sourcecode.c.h; path = inttypes.h; sourceTree = "<group>"; };
		84ACEE6320E0EE8100B43AF0 /* stdint.h */ = {isa = PBXFileReference; fileEncoding = 4; lastKnownFileType = sourcecode.c.h; path = stdint.h; sourceTree = "<group>"; };
		84ACEE6420E0EE8100B43AF0 /* fsp_token.h */ = {isa = PBXFileReference; fileEncoding = 4; lastKnownFileType = sourcecode.c.h; name = fsp_token.h; path = Token/fsp_token.h; sourceTree = "<group>"; };
		CC5C76642088328900A734EC /* LoginViewController.h */ = {isa = PBXFileReference; lastKnownFileType = sourcecode.c.h; path = LoginViewController.h; sourceTree = "<group>"; };
		CC5C76652088328900A734EC /* LoginViewController.m */ = {isa = PBXFileReference; lastKnownFileType = sourcecode.c.objc; path = LoginViewController.m; sourceTree = "<group>"; };
		CC5C766F208845E500A734EC /* Login.storyboard */ = {isa = PBXFileReference; lastKnownFileType = file.storyboard; path = Login.storyboard; sourceTree = "<group>"; };
		CC5C7683208875BD00A734EC /* VideoCollectionViewCell.h */ = {isa = PBXFileReference; lastKnownFileType = sourcecode.c.h; path = VideoCollectionViewCell.h; sourceTree = "<group>"; };
		CC5C7684208875BD00A734EC /* VideoCollectionViewCell.m */ = {isa = PBXFileReference; lastKnownFileType = sourcecode.c.objc; path = VideoCollectionViewCell.m; sourceTree = "<group>"; };
		CC5C7685208875BD00A734EC /* VideoCollectionViewCell.xib */ = {isa = PBXFileReference; lastKnownFileType = file.xib; path = VideoCollectionViewCell.xib; sourceTree = "<group>"; };
		CC5C76932088803700A734EC /* MainViewController.h */ = {isa = PBXFileReference; lastKnownFileType = sourcecode.c.h; path = MainViewController.h; sourceTree = "<group>"; };
		CC5C76942088803700A734EC /* MainViewController.m */ = {isa = PBXFileReference; lastKnownFileType = sourcecode.c.objc; path = MainViewController.m; sourceTree = "<group>"; };
		CC5C76952088803700A734EC /* MainViewController.xib */ = {isa = PBXFileReference; lastKnownFileType = file.xib; path = MainViewController.xib; sourceTree = "<group>"; };
		CC5C769C2088845000A734EC /* VideoHorizontalFlowLayout.h */ = {isa = PBXFileReference; lastKnownFileType = sourcecode.c.h; path = VideoHorizontalFlowLayout.h; sourceTree = "<group>"; };
		CC5C769D2088845000A734EC /* VideoHorizontalFlowLayout.m */ = {isa = PBXFileReference; lastKnownFileType = sourcecode.c.objc; path = VideoHorizontalFlowLayout.m; sourceTree = "<group>"; };
		CC5C76A420888CD000A734EC /* SettingsViewController.h */ = {isa = PBXFileReference; lastKnownFileType = sourcecode.c.h; path = SettingsViewController.h; sourceTree = "<group>"; };
		CC5C76A520888CD000A734EC /* SettingsViewController.m */ = {isa = PBXFileReference; lastKnownFileType = sourcecode.c.objc; path = SettingsViewController.m; sourceTree = "<group>"; };
		CC5C76A720888CE600A734EC /* Settings.storyboard */ = {isa = PBXFileReference; lastKnownFileType = file.storyboard; path = Settings.storyboard; sourceTree = "<group>"; };
		CC5C76B420888EB500A734EC /* AVFoundation.framework */ = {isa = PBXFileReference; lastKnownFileType = wrapper.framework; name = AVFoundation.framework; path = System/Library/Frameworks/AVFoundation.framework; sourceTree = SDKROOT; };
		CC5C76B620888EC300A734EC /* CoreMedia.framework */ = {isa = PBXFileReference; lastKnownFileType = wrapper.framework; name = CoreMedia.framework; path = System/Library/Frameworks/CoreMedia.framework; sourceTree = SDKROOT; };
		CC5C76B820888ECD00A734EC /* AudioToolbox.framework */ = {isa = PBXFileReference; lastKnownFileType = wrapper.framework; name = AudioToolbox.framework; path = System/Library/Frameworks/AudioToolbox.framework; sourceTree = SDKROOT; };
		CC5C76BA20888EDA00A734EC /* libstdc++.tbd */ = {isa = PBXFileReference; lastKnownFileType = "sourcecode.text-based-dylib-definition"; name = "libstdc++.tbd"; path = "usr/lib/libstdc++.tbd"; sourceTree = SDKROOT; };
		CC5C76BC20888EE200A734EC /* libz.tbd */ = {isa = PBXFileReference; lastKnownFileType = "sourcecode.text-based-dylib-definition"; name = libz.tbd; path = usr/lib/libz.tbd; sourceTree = SDKROOT; };
		CC5C76F92088B67600A734EC /* libiconv.tbd */ = {isa = PBXFileReference; lastKnownFileType = "sourcecode.text-based-dylib-definition"; name = libiconv.tbd; path = usr/lib/libiconv.tbd; sourceTree = SDKROOT; };
		CC5C76FB2088B6F600A734EC /* FspManager.h */ = {isa = PBXFileReference; lastKnownFileType = sourcecode.c.h; path = FspManager.h; sourceTree = "<group>"; };
		CC5C76FC2088B6F600A734EC /* FspManager.mm */ = {isa = PBXFileReference; lastKnownFileType = sourcecode.cpp.objcpp; path = FspManager.mm; sourceTree = "<group>"; };
		CC5C77022088BF4A00A734EC /* CustomTextField.h */ = {isa = PBXFileReference; lastKnownFileType = sourcecode.c.h; path = CustomTextField.h; sourceTree = "<group>"; };
		CC5C77032088BF4A00A734EC /* CustomTextField.m */ = {isa = PBXFileReference; lastKnownFileType = sourcecode.c.objc; path = CustomTextField.m; sourceTree = "<group>"; };
		CC70DD0C208988C900F9FC3A /* BaseNavigationViewController.h */ = {isa = PBXFileReference; lastKnownFileType = sourcecode.c.h; path = BaseNavigationViewController.h; sourceTree = "<group>"; };
		CC70DD0D208988C900F9FC3A /* BaseNavigationViewController.m */ = {isa = PBXFileReference; lastKnownFileType = sourcecode.c.objc; path = BaseNavigationViewController.m; sourceTree = "<group>"; };
		CC70DD11208990AF00F9FC3A /* CoreAudio.framework */ = {isa = PBXFileReference; lastKnownFileType = wrapper.framework; name = CoreAudio.framework; path = System/Library/Frameworks/CoreAudio.framework; sourceTree = SDKROOT; };
		CC70DD13208990B900F9FC3A /* MediaToolbox.framework */ = {isa = PBXFileReference; lastKnownFileType = wrapper.framework; name = MediaToolbox.framework; path = System/Library/Frameworks/MediaToolbox.framework; sourceTree = SDKROOT; };
		CC70DD212089D48800F9FC3A /* FspMgrDataType.h */ = {isa = PBXFileReference; lastKnownFileType = sourcecode.c.h; path = FspMgrDataType.h; sourceTree = "<group>"; };
		CC70DD222089D48800F9FC3A /* FspMgrDataType.m */ = {isa = PBXFileReference; lastKnownFileType = sourcecode.c.objc; path = FspMgrDataType.m; sourceTree = "<group>"; };
		CC70DD3A2089EA1D00F9FC3A /* ReactiveObjC.framework */ = {isa = PBXFileReference; lastKnownFileType = wrapper.framework; name = ReactiveObjC.framework; path = Carthage/Build/iOS/ReactiveObjC.framework; sourceTree = "<group>"; };
		CCBCE9AB208B2CDB002519F3 /* SettingsTextCell.h */ = {isa = PBXFileReference; lastKnownFileType = sourcecode.c.h; path = SettingsTextCell.h; sourceTree = "<group>"; };
		CCBCE9AC208B2CDB002519F3 /* SettingsTextCell.m */ = {isa = PBXFileReference; lastKnownFileType = sourcecode.c.objc; path = SettingsTextCell.m; sourceTree = "<group>"; };
		CCBCE9AD208B2CDB002519F3 /* SettingsTextCell.xib */ = {isa = PBXFileReference; lastKnownFileType = file.xib; path = SettingsTextCell.xib; sourceTree = "<group>"; };
		CCBCE9B0208B2CEE002519F3 /* SettingsSliderCell.h */ = {isa = PBXFileReference; lastKnownFileType = sourcecode.c.h; path = SettingsSliderCell.h; sourceTree = "<group>"; };
		CCBCE9B1208B2CEE002519F3 /* SettingsSliderCell.m */ = {isa = PBXFileReference; lastKnownFileType = sourcecode.c.objc; path = SettingsSliderCell.m; sourceTree = "<group>"; };
		CCBCE9B2208B2CEE002519F3 /* SettingsSliderCell.xib */ = {isa = PBXFileReference; lastKnownFileType = file.xib; path = SettingsSliderCell.xib; sourceTree = "<group>"; };
		CCBCE9B5208B2D03002519F3 /* SettingsButtonCell.h */ = {isa = PBXFileReference; lastKnownFileType = sourcecode.c.h; path = SettingsButtonCell.h; sourceTree = "<group>"; };
		CCBCE9B6208B2D03002519F3 /* SettingsButtonCell.m */ = {isa = PBXFileReference; lastKnownFileType = sourcecode.c.objc; path = SettingsButtonCell.m; sourceTree = "<group>"; };
		CCBCE9B7208B2D03002519F3 /* SettingsButtonCell.xib */ = {isa = PBXFileReference; lastKnownFileType = file.xib; path = SettingsButtonCell.xib; sourceTree = "<group>"; };
		CCBCE9C6208B2E03002519F3 /* SettingsStateCell.h */ = {isa = PBXFileReference; lastKnownFileType = sourcecode.c.h; path = SettingsStateCell.h; sourceTree = "<group>"; };
		CCBCE9C7208B2E03002519F3 /* SettingsStateCell.m */ = {isa = PBXFileReference; lastKnownFileType = sourcecode.c.objc; path = SettingsStateCell.m; sourceTree = "<group>"; };
		CCBCE9C8208B2E03002519F3 /* SettingsStateCell.xib */ = {isa = PBXFileReference; lastKnownFileType = file.xib; path = SettingsStateCell.xib; sourceTree = "<group>"; };
		CCBCE9CB208B2E0F002519F3 /* SettingsVideoCell.h */ = {isa = PBXFileReference; lastKnownFileType = sourcecode.c.h; path = SettingsVideoCell.h; sourceTree = "<group>"; };
		CCBCE9CC208B2E0F002519F3 /* SettingsVideoCell.m */ = {isa = PBXFileReference; lastKnownFileType = sourcecode.c.objc; path = SettingsVideoCell.m; sourceTree = "<group>"; };
		CCBCE9CD208B2E0F002519F3 /* SettingsVideoCell.xib */ = {isa = PBXFileReference; lastKnownFileType = file.xib; path = SettingsVideoCell.xib; sourceTree = "<group>"; };
		CCBCE9D5208B4A5E002519F3 /* UIView+Hierarchy.h */ = {isa = PBXFileReference; fileEncoding = 4; lastKnownFileType = sourcecode.c.h; path = "UIView+Hierarchy.h"; sourceTree = "<group>"; };
		CCBCE9D6208B4A5F002519F3 /* UIView+Hierarchy.m */ = {isa = PBXFileReference; fileEncoding = 4; lastKnownFileType = sourcecode.c.objc; path = "UIView+Hierarchy.m"; sourceTree = "<group>"; };
/* End PBXFileReference section */

/* Begin PBXFrameworksBuildPhase section */
		84A584E520861D2000B75AF8 /* Frameworks */ = {
			isa = PBXFrameworksBuildPhase;
			buildActionMask = 2147483647;
			files = (
				8440331920EE1E24007620BD /* FspKit.framework in Frameworks */,
				CC70DD14208990B900F9FC3A /* MediaToolbox.framework in Frameworks */,
				CC70DD12208990B000F9FC3A /* CoreAudio.framework in Frameworks */,
				CC5C76FA2088B67600A734EC /* libiconv.tbd in Frameworks */,
				CC5C76BD20888EE200A734EC /* libz.tbd in Frameworks */,
				CC5C76BB20888EDA00A734EC /* libstdc++.tbd in Frameworks */,
				CC5C76B920888ECD00A734EC /* AudioToolbox.framework in Frameworks */,
				CC70DD3B2089EA1E00F9FC3A /* ReactiveObjC.framework in Frameworks */,
				CC5C76B720888EC300A734EC /* CoreMedia.framework in Frameworks */,
				CC5C76B520888EB500A734EC /* AVFoundation.framework in Frameworks */,
			);
			runOnlyForDeploymentPostprocessing = 0;
		};
/* End PBXFrameworksBuildPhase section */

/* Begin PBXGroup section */
		84A584DF20861D2000B75AF8 = {
			isa = PBXGroup;
			children = (
				84A584EA20861D2000B75AF8 /* MeetingDemo */,
				84A584E920861D2000B75AF8 /* Products */,
				CC5C76B120888E9A00A734EC /* Frameworks */,
			);
			sourceTree = "<group>";
		};
		84A584E920861D2000B75AF8 /* Products */ = {
			isa = PBXGroup;
			children = (
				84A584E820861D2000B75AF8 /* MeetingDemo.app */,
			);
			name = Products;
			sourceTree = "<group>";
		};
		84A584EA20861D2000B75AF8 /* MeetingDemo */ = {
			isa = PBXGroup;
			children = (
				84ACEE3820E0EE6600B43AF0 /* Token */,
				84A584EB20861D2000B75AF8 /* AppDelegate.h */,
				84A584EC20861D2000B75AF8 /* AppDelegate.m */,
				CCBCE9D1208B3E23002519F3 /* Fsp */,
				CCBCE9D0208B3DF9002519F3 /* Base */,
				CC5C76732088473B00A734EC /* Login */,
				CC5C76742088474200A734EC /* Main */,
				84A584F420861D2000B75AF8 /* Assets.xcassets */,
				84A584F620861D2000B75AF8 /* LaunchScreen.storyboard */,
				84A584F920861D2000B75AF8 /* Info.plist */,
				84A584FA20861D2000B75AF8 /* main.m */,
			);
			path = MeetingDemo;
			sourceTree = "<group>";
		};
		84ACEE3820E0EE6600B43AF0 /* Token */ = {
			isa = PBXGroup;
			children = (
				84ACEE3B20E0EE8100B43AF0 /* aes.cpp */,
				84ACEE3A20E0EE8100B43AF0 /* aes.h */,
				84ACEE6420E0EE8100B43AF0 /* fsp_token.h */,
				84ACEE3920E0EE8000B43AF0 /* fsp_tools.h */,
				84ACEE3C20E0EE8100B43AF0 /* rapidjson */,
			);
			name = Token;
			sourceTree = "<group>";
		};
		84ACEE3C20E0EE8100B43AF0 /* rapidjson */ = {
			isa = PBXGroup;
			children = (
				84ACEE3D20E0EE8100B43AF0 /* fwd.h */,
				84ACEE3E20E0EE8100B43AF0 /* memorystream.h */,
				84ACEE3F20E0EE8100B43AF0 /* reader.h */,
				84ACEE4020E0EE8100B43AF0 /* prettywriter.h */,
				84ACEE4120E0EE8100B43AF0 /* ostreamwrapper.h */,
				84ACEE4220E0EE8100B43AF0 /* encodedstream.h */,
				84ACEE4320E0EE8100B43AF0 /* filereadstream.h */,
				84ACEE4420E0EE8100B43AF0 /* cursorstreamwrapper.h */,
				84ACEE4520E0EE8100B43AF0 /* istreamwrapper.h */,
				84ACEE4620E0EE8100B43AF0 /* stringbuffer.h */,
				84ACEE4720E0EE8100B43AF0 /* internal */,
				84ACEE5420E0EE8100B43AF0 /* encodings.h */,
				84ACEE5520E0EE8100B43AF0 /* schema.h */,
				84ACEE5620E0EE8100B43AF0 /* stream.h */,
				84ACEE5720E0EE8100B43AF0 /* filewritestream.h */,
				84ACEE5820E0EE8100B43AF0 /* rapidjson.h */,
				84ACEE5920E0EE8100B43AF0 /* document.h */,
				84ACEE5A20E0EE8100B43AF0 /* allocators.h */,
				84ACEE5B20E0EE8100B43AF0 /* writer.h */,
				84ACEE5C20E0EE8100B43AF0 /* error */,
				84ACEE5F20E0EE8100B43AF0 /* memorybuffer.h */,
				84ACEE6020E0EE8100B43AF0 /* pointer.h */,
				84ACEE6120E0EE8100B43AF0 /* msinttypes */,
			);
			name = rapidjson;
			path = Token/rapidjson;
			sourceTree = "<group>";
		};
		84ACEE4720E0EE8100B43AF0 /* internal */ = {
			isa = PBXGroup;
			children = (
				84ACEE4820E0EE8100B43AF0 /* ieee754.h */,
				84ACEE4920E0EE8100B43AF0 /* strtod.h */,
				84ACEE4A20E0EE8100B43AF0 /* swap.h */,
				84ACEE4B20E0EE8100B43AF0 /* regex.h */,
				84ACEE4C20E0EE8100B43AF0 /* diyfp.h */,
				84ACEE4D20E0EE8100B43AF0 /* biginteger.h */,
				84ACEE4E20E0EE8100B43AF0 /* strfunc.h */,
				84ACEE4F20E0EE8100B43AF0 /* itoa.h */,
				84ACEE5020E0EE8100B43AF0 /* stack.h */,
				84ACEE5120E0EE8100B43AF0 /* dtoa.h */,
				84ACEE5220E0EE8100B43AF0 /* meta.h */,
				84ACEE5320E0EE8100B43AF0 /* pow10.h */,
			);
			path = internal;
			sourceTree = "<group>";
		};
		84ACEE5C20E0EE8100B43AF0 /* error */ = {
			isa = PBXGroup;
			children = (
				84ACEE5D20E0EE8100B43AF0 /* error.h */,
				84ACEE5E20E0EE8100B43AF0 /* en.h */,
			);
			path = error;
			sourceTree = "<group>";
		};
		84ACEE6120E0EE8100B43AF0 /* msinttypes */ = {
			isa = PBXGroup;
			children = (
				84ACEE6220E0EE8100B43AF0 /* inttypes.h */,
				84ACEE6320E0EE8100B43AF0 /* stdint.h */,
			);
			path = msinttypes;
			sourceTree = "<group>";
		};
		CC5C76732088473B00A734EC /* Login */ = {
			isa = PBXGroup;
			children = (
				CC5C766F208845E500A734EC /* Login.storyboard */,
				CC5C76642088328900A734EC /* LoginViewController.h */,
				CC5C76652088328900A734EC /* LoginViewController.m */,
				CC5C77022088BF4A00A734EC /* CustomTextField.h */,
				CC5C77032088BF4A00A734EC /* CustomTextField.m */,
			);
			path = Login;
			sourceTree = "<group>";
		};
		CC5C76742088474200A734EC /* Main */ = {
			isa = PBXGroup;
			children = (
				CC5C76932088803700A734EC /* MainViewController.h */,
				CC5C76942088803700A734EC /* MainViewController.m */,
				CC5C76952088803700A734EC /* MainViewController.xib */,
				CC5C76B020888E4800A734EC /* Video */,
				CC5C76AF20888E4200A734EC /* Settings */,
			);
			path = Main;
			sourceTree = "<group>";
		};
		CC5C76AF20888E4200A734EC /* Settings */ = {
			isa = PBXGroup;
			children = (
				CC5C76A420888CD000A734EC /* SettingsViewController.h */,
				CC5C76A520888CD000A734EC /* SettingsViewController.m */,
				CC5C76A720888CE600A734EC /* Settings.storyboard */,
				CCBCE9AB208B2CDB002519F3 /* SettingsTextCell.h */,
				CCBCE9AC208B2CDB002519F3 /* SettingsTextCell.m */,
				CCBCE9AD208B2CDB002519F3 /* SettingsTextCell.xib */,
				CCBCE9B0208B2CEE002519F3 /* SettingsSliderCell.h */,
				CCBCE9B1208B2CEE002519F3 /* SettingsSliderCell.m */,
				CCBCE9B2208B2CEE002519F3 /* SettingsSliderCell.xib */,
				CCBCE9B5208B2D03002519F3 /* SettingsButtonCell.h */,
				CCBCE9B6208B2D03002519F3 /* SettingsButtonCell.m */,
				CCBCE9B7208B2D03002519F3 /* SettingsButtonCell.xib */,
				CCBCE9C6208B2E03002519F3 /* SettingsStateCell.h */,
				CCBCE9C7208B2E03002519F3 /* SettingsStateCell.m */,
				CCBCE9C8208B2E03002519F3 /* SettingsStateCell.xib */,
				CCBCE9CB208B2E0F002519F3 /* SettingsVideoCell.h */,
				CCBCE9CC208B2E0F002519F3 /* SettingsVideoCell.m */,
				CCBCE9CD208B2E0F002519F3 /* SettingsVideoCell.xib */,
			);
			path = Settings;
			sourceTree = "<group>";
		};
		CC5C76B020888E4800A734EC /* Video */ = {
			isa = PBXGroup;
			children = (
				CC5C769C2088845000A734EC /* VideoHorizontalFlowLayout.h */,
				CC5C769D2088845000A734EC /* VideoHorizontalFlowLayout.m */,
				CC5C7683208875BD00A734EC /* VideoCollectionViewCell.h */,
				CC5C7684208875BD00A734EC /* VideoCollectionViewCell.m */,
				CC5C7685208875BD00A734EC /* VideoCollectionViewCell.xib */,
			);
			path = Video;
			sourceTree = "<group>";
		};
		CC5C76B120888E9A00A734EC /* Frameworks */ = {
			isa = PBXGroup;
			children = (
				8440331820EE1E24007620BD /* FspKit.framework */,
				CC70DD3A2089EA1D00F9FC3A /* ReactiveObjC.framework */,
				CC70DD13208990B900F9FC3A /* MediaToolbox.framework */,
				CC70DD11208990AF00F9FC3A /* CoreAudio.framework */,
				CC5C76F92088B67600A734EC /* libiconv.tbd */,
				CC5C76BC20888EE200A734EC /* libz.tbd */,
				CC5C76BA20888EDA00A734EC /* libstdc++.tbd */,
				CC5C76B820888ECD00A734EC /* AudioToolbox.framework */,
				CC5C76B620888EC300A734EC /* CoreMedia.framework */,
				CC5C76B420888EB500A734EC /* AVFoundation.framework */,
			);
			name = Frameworks;
			sourceTree = "<group>";
		};
		CCBCE9D0208B3DF9002519F3 /* Base */ = {
			isa = PBXGroup;
			children = (
				CCBCE9D5208B4A5E002519F3 /* UIView+Hierarchy.h */,
				CCBCE9D6208B4A5F002519F3 /* UIView+Hierarchy.m */,
				CC70DD0C208988C900F9FC3A /* BaseNavigationViewController.h */,
				CC70DD0D208988C900F9FC3A /* BaseNavigationViewController.m */,
			);
			path = Base;
			sourceTree = "<group>";
		};
		CCBCE9D1208B3E23002519F3 /* Fsp */ = {
			isa = PBXGroup;
			children = (
				CC5C76FB2088B6F600A734EC /* FspManager.h */,
				CC5C76FC2088B6F600A734EC /* FspManager.mm */,
				CC70DD212089D48800F9FC3A /* FspMgrDataType.h */,
				CC70DD222089D48800F9FC3A /* FspMgrDataType.m */,
			);
			path = Fsp;
			sourceTree = "<group>";
		};
/* End PBXGroup section */

/* Begin PBXNativeTarget section */
		84A584E720861D2000B75AF8 /* MeetingDemo */ = {
			isa = PBXNativeTarget;
			buildConfigurationList = 84A584FE20861D2000B75AF8 /* Build configuration list for PBXNativeTarget "MeetingDemo" */;
			buildPhases = (
				84A584E420861D2000B75AF8 /* Sources */,
				84A584E520861D2000B75AF8 /* Frameworks */,
				84A584E620861D2000B75AF8 /* Resources */,
				CC70DD352089E96700F9FC3A /* Embed Frameworks */,
				8460D89220CA5C4D003C06C5 /* CopyFiles */,
			);
			buildRules = (
			);
			dependencies = (
			);
			name = MeetingDemo;
			productName = MeetingDemo;
			productReference = 84A584E820861D2000B75AF8 /* MeetingDemo.app */;
			productType = "com.apple.product-type.application";
		};
/* End PBXNativeTarget section */

/* Begin PBXProject section */
		84A584E020861D2000B75AF8 /* Project object */ = {
			isa = PBXProject;
			attributes = {
				LastUpgradeCheck = 0910;
				ORGANIZATIONNAME = hst;
				TargetAttributes = {
					84A584E720861D2000B75AF8 = {
						CreatedOnToolsVersion = 9.1;
						ProvisioningStyle = Automatic;
					};
				};
			};
			buildConfigurationList = 84A584E320861D2000B75AF8 /* Build configuration list for PBXProject "MeetingDemo" */;
			compatibilityVersion = "Xcode 8.0";
			developmentRegion = en;
			hasScannedForEncodings = 0;
			knownRegions = (
				en,
				Base,
			);
			mainGroup = 84A584DF20861D2000B75AF8;
			productRefGroup = 84A584E920861D2000B75AF8 /* Products */;
			projectDirPath = "";
			projectRoot = "";
			targets = (
				84A584E720861D2000B75AF8 /* MeetingDemo */,
			);
		};
/* End PBXProject section */

/* Begin PBXResourcesBuildPhase section */
		84A584E620861D2000B75AF8 /* Resources */ = {
			isa = PBXResourcesBuildPhase;
			buildActionMask = 2147483647;
			files = (
				CC5C7670208845E500A734EC /* Login.storyboard in Resources */,
				CC5C76972088803700A734EC /* MainViewController.xib in Resources */,
				CCBCE9B4208B2CEE002519F3 /* SettingsSliderCell.xib in Resources */,
				CCBCE9CA208B2E03002519F3 /* SettingsStateCell.xib in Resources */,
				CCBCE9AF208B2CDB002519F3 /* SettingsTextCell.xib in Resources */,
				CCBCE9CF208B2E0F002519F3 /* SettingsVideoCell.xib in Resources */,
				84A584F820861D2000B75AF8 /* LaunchScreen.storyboard in Resources */,
				CCBCE9B9208B2D03002519F3 /* SettingsButtonCell.xib in Resources */,
				CC5C76A820888CE600A734EC /* Settings.storyboard in Resources */,
				CC5C7687208875BD00A734EC /* VideoCollectionViewCell.xib in Resources */,
				84A584F520861D2000B75AF8 /* Assets.xcassets in Resources */,
			);
			runOnlyForDeploymentPostprocessing = 0;
		};
/* End PBXResourcesBuildPhase section */

/* Begin PBXSourcesBuildPhase section */
		84A584E420861D2000B75AF8 /* Sources */ = {
			isa = PBXSourcesBuildPhase;
			buildActionMask = 2147483647;
			files = (
				CCBCE9B3208B2CEE002519F3 /* SettingsSliderCell.m in Sources */,
				CC5C76962088803700A734EC /* MainViewController.m in Sources */,
				CCBCE9AE208B2CDB002519F3 /* SettingsTextCell.m in Sources */,
				CC5C769E2088845000A734EC /* VideoHorizontalFlowLayout.m in Sources */,
				CC5C76A620888CD000A734EC /* SettingsViewController.m in Sources */,
				CC70DD0E208988C900F9FC3A /* BaseNavigationViewController.m in Sources */,
				CCBCE9C9208B2E03002519F3 /* SettingsStateCell.m in Sources */,
				CC5C76662088328900A734EC /* LoginViewController.m in Sources */,
				CCBCE9CE208B2E0F002519F3 /* SettingsVideoCell.m in Sources */,
				CCBCE9D7208B4A5F002519F3 /* UIView+Hierarchy.m in Sources */,
				CC70DD232089D48800F9FC3A /* FspMgrDataType.m in Sources */,
				CC5C76FD2088B6F600A734EC /* FspManager.mm in Sources */,
				CC5C7686208875BD00A734EC /* VideoCollectionViewCell.m in Sources */,
				CCBCE9B8208B2D03002519F3 /* SettingsButtonCell.m in Sources */,
				84A584FB20861D2000B75AF8 /* main.m in Sources */,
				84ACEE6520E0EE8100B43AF0 /* aes.cpp in Sources */,
				CC5C77042088BF4A00A734EC /* CustomTextField.m in Sources */,
				84A584ED20861D2000B75AF8 /* AppDelegate.m in Sources */,
			);
			runOnlyForDeploymentPostprocessing = 0;
		};
/* End PBXSourcesBuildPhase section */

/* Begin PBXVariantGroup section */
		84A584F620861D2000B75AF8 /* LaunchScreen.storyboard */ = {
			isa = PBXVariantGroup;
			children = (
				84A584F720861D2000B75AF8 /* Base */,
			);
			name = LaunchScreen.storyboard;
			sourceTree = "<group>";
		};
/* End PBXVariantGroup section */

/* Begin XCBuildConfiguration section */
		84A584FC20861D2000B75AF8 /* Debug */ = {
			isa = XCBuildConfiguration;
			buildSettings = {
				ALWAYS_SEARCH_USER_PATHS = NO;
				CLANG_ANALYZER_NONNULL = YES;
				CLANG_ANALYZER_NUMBER_OBJECT_CONVERSION = YES_AGGRESSIVE;
				CLANG_CXX_LANGUAGE_STANDARD = "gnu++14";
				CLANG_CXX_LIBRARY = "libc++";
				CLANG_ENABLE_MODULES = YES;
				CLANG_ENABLE_OBJC_ARC = YES;
				CLANG_WARN_BLOCK_CAPTURE_AUTORELEASING = YES;
				CLANG_WARN_BOOL_CONVERSION = YES;
				CLANG_WARN_COMMA = YES;
				CLANG_WARN_CONSTANT_CONVERSION = YES;
				CLANG_WARN_DIRECT_OBJC_ISA_USAGE = YES_ERROR;
				CLANG_WARN_DOCUMENTATION_COMMENTS = YES;
				CLANG_WARN_EMPTY_BODY = YES;
				CLANG_WARN_ENUM_CONVERSION = YES;
				CLANG_WARN_INFINITE_RECURSION = YES;
				CLANG_WARN_INT_CONVERSION = YES;
				CLANG_WARN_NON_LITERAL_NULL_CONVERSION = YES;
				CLANG_WARN_OBJC_LITERAL_CONVERSION = YES;
				CLANG_WARN_OBJC_ROOT_CLASS = YES_ERROR;
				CLANG_WARN_RANGE_LOOP_ANALYSIS = YES;
				CLANG_WARN_STRICT_PROTOTYPES = YES;
				CLANG_WARN_SUSPICIOUS_MOVE = YES;
				CLANG_WARN_UNGUARDED_AVAILABILITY = YES_AGGRESSIVE;
				CLANG_WARN_UNREACHABLE_CODE = YES;
				CLANG_WARN__DUPLICATE_METHOD_MATCH = YES;
				CODE_SIGN_IDENTITY = "iPhone Developer";
				COPY_PHASE_STRIP = NO;
				DEBUG_INFORMATION_FORMAT = dwarf;
				ENABLE_STRICT_OBJC_MSGSEND = YES;
				ENABLE_TESTABILITY = YES;
				GCC_C_LANGUAGE_STANDARD = gnu11;
				GCC_DYNAMIC_NO_PIC = NO;
				GCC_NO_COMMON_BLOCKS = YES;
				GCC_OPTIMIZATION_LEVEL = 0;
				GCC_PREPROCESSOR_DEFINITIONS = (
					"DEBUG=1",
					"$(inherited)",
				);
				GCC_WARN_64_TO_32_BIT_CONVERSION = YES;
				GCC_WARN_ABOUT_RETURN_TYPE = YES_ERROR;
				GCC_WARN_UNDECLARED_SELECTOR = YES;
				GCC_WARN_UNINITIALIZED_AUTOS = YES_AGGRESSIVE;
				GCC_WARN_UNUSED_FUNCTION = YES;
				GCC_WARN_UNUSED_VARIABLE = YES;
				IPHONEOS_DEPLOYMENT_TARGET = 10.0;
				MTL_ENABLE_DEBUG_INFO = YES;
				ONLY_ACTIVE_ARCH = YES;
				RESOURCES_TARGETED_DEVICE_FAMILY = "";
				SDKROOT = iphoneos;
				TARGETED_DEVICE_FAMILY = "1,2";
			};
			name = Debug;
		};
		84A584FD20861D2000B75AF8 /* Release */ = {
			isa = XCBuildConfiguration;
			buildSettings = {
				ALWAYS_SEARCH_USER_PATHS = NO;
				CLANG_ANALYZER_NONNULL = YES;
				CLANG_ANALYZER_NUMBER_OBJECT_CONVERSION = YES_AGGRESSIVE;
				CLANG_CXX_LANGUAGE_STANDARD = "gnu++14";
				CLANG_CXX_LIBRARY = "libc++";
				CLANG_ENABLE_MODULES = YES;
				CLANG_ENABLE_OBJC_ARC = YES;
				CLANG_WARN_BLOCK_CAPTURE_AUTORELEASING = YES;
				CLANG_WARN_BOOL_CONVERSION = YES;
				CLANG_WARN_COMMA = YES;
				CLANG_WARN_CONSTANT_CONVERSION = YES;
				CLANG_WARN_DIRECT_OBJC_ISA_USAGE = YES_ERROR;
				CLANG_WARN_DOCUMENTATION_COMMENTS = YES;
				CLANG_WARN_EMPTY_BODY = YES;
				CLANG_WARN_ENUM_CONVERSION = YES;
				CLANG_WARN_INFINITE_RECURSION = YES;
				CLANG_WARN_INT_CONVERSION = YES;
				CLANG_WARN_NON_LITERAL_NULL_CONVERSION = YES;
				CLANG_WARN_OBJC_LITERAL_CONVERSION = YES;
				CLANG_WARN_OBJC_ROOT_CLASS = YES_ERROR;
				CLANG_WARN_RANGE_LOOP_ANALYSIS = YES;
				CLANG_WARN_STRICT_PROTOTYPES = YES;
				CLANG_WARN_SUSPICIOUS_MOVE = YES;
				CLANG_WARN_UNGUARDED_AVAILABILITY = YES_AGGRESSIVE;
				CLANG_WARN_UNREACHABLE_CODE = YES;
				CLANG_WARN__DUPLICATE_METHOD_MATCH = YES;
				CODE_SIGN_IDENTITY = "iPhone Developer";
				COPY_PHASE_STRIP = NO;
				DEBUG_INFORMATION_FORMAT = "dwarf-with-dsym";
				ENABLE_NS_ASSERTIONS = NO;
				ENABLE_STRICT_OBJC_MSGSEND = YES;
				GCC_C_LANGUAGE_STANDARD = gnu11;
				GCC_NO_COMMON_BLOCKS = YES;
				GCC_WARN_64_TO_32_BIT_CONVERSION = YES;
				GCC_WARN_ABOUT_RETURN_TYPE = YES_ERROR;
				GCC_WARN_UNDECLARED_SELECTOR = YES;
				GCC_WARN_UNINITIALIZED_AUTOS = YES_AGGRESSIVE;
				GCC_WARN_UNUSED_FUNCTION = YES;
				GCC_WARN_UNUSED_VARIABLE = YES;
				IPHONEOS_DEPLOYMENT_TARGET = 10.0;
				MTL_ENABLE_DEBUG_INFO = NO;
				RESOURCES_TARGETED_DEVICE_FAMILY = "";
				SDKROOT = iphoneos;
				TARGETED_DEVICE_FAMILY = "1,2";
				VALIDATE_PRODUCT = YES;
			};
			name = Release;
		};
		84A584FF20861D2000B75AF8 /* Debug */ = {
			isa = XCBuildConfiguration;
			buildSettings = {
				ALWAYS_EMBED_SWIFT_STANDARD_LIBRARIES = NO;
				ASSETCATALOG_COMPILER_APPICON_NAME = AppIcon;
				CODE_SIGN_STYLE = Automatic;
				DEVELOPMENT_TEAM = 3Q45W4GD72;
				ENABLE_BITCODE = NO;
				ENABLE_TESTABILITY = YES;
				FRAMEWORK_SEARCH_PATHS = (
					"$(PROJECT_DIR)/SDK",
					"$(PROJECT_DIR)/Carthage/Build/iOS",
					"$(PROJECT_DIR)",
				);
				INFOPLIST_FILE = MeetingDemo/Info.plist;
				LD_RUNPATH_SEARCH_PATHS = "$(inherited) @executable_path/Frameworks";
				PRODUCT_BUNDLE_IDENTIFIER = hst.MeetingDemo;
				PRODUCT_NAME = "$(TARGET_NAME)";
				TARGETED_DEVICE_FAMILY = "1,2";
				VALID_ARCHS = "arm64 armv7 armv7s";
			};
			name = Debug;
		};
		84A5850020861D2000B75AF8 /* Release */ = {
			isa = XCBuildConfiguration;
			buildSettings = {
				ALWAYS_EMBED_SWIFT_STANDARD_LIBRARIES = NO;
				ASSETCATALOG_COMPILER_APPICON_NAME = AppIcon;
				CODE_SIGN_STYLE = Automatic;
				DEVELOPMENT_TEAM = 3Q45W4GD72;
				ENABLE_BITCODE = NO;
				FRAMEWORK_SEARCH_PATHS = (
					"$(PROJECT_DIR)/SDK",
					"$(PROJECT_DIR)/Carthage/Build/iOS",
					"$(PROJECT_DIR)",
				);
				INFOPLIST_FILE = MeetingDemo/Info.plist;
				LD_RUNPATH_SEARCH_PATHS = "$(inherited) @executable_path/Frameworks";
				PRODUCT_BUNDLE_IDENTIFIER = hst.MeetingDemo;
				PRODUCT_NAME = "$(TARGET_NAME)";
				TARGETED_DEVICE_FAMILY = "1,2";
				VALID_ARCHS = "arm64 armv7 armv7s";
			};
			name = Release;
		};
/* End XCBuildConfiguration section */

/* Begin XCConfigurationList section */
		84A584E320861D2000B75AF8 /* Build configuration list for PBXProject "MeetingDemo" */ = {
			isa = XCConfigurationList;
			buildConfigurations = (
				84A584FC20861D2000B75AF8 /* Debug */,
				84A584FD20861D2000B75AF8 /* Release */,
			);
			defaultConfigurationIsVisible = 0;
			defaultConfigurationName = Release;
		};
		84A584FE20861D2000B75AF8 /* Build configuration list for PBXNativeTarget "MeetingDemo" */ = {
			isa = XCConfigurationList;
			buildConfigurations = (
				84A584FF20861D2000B75AF8 /* Debug */,
				84A5850020861D2000B75AF8 /* Release */,
			);
			defaultConfigurationIsVisible = 0;
			defaultConfigurationName = Release;
		};
/* End XCConfigurationList section */
	};
	rootObject = 84A584E020861D2000B75AF8 /* Project object */;
}
